
Microsoft Visual Studio Solution File, Format Version 12.00
# Visual Studio 14
VisualStudioVersion = 14.0.25420.1
MinimumVisualStudioVersion = 10.0.40219.1
Project("{2150E333-8FDC-42A3-9474-1A3956D46DE8}") = ".nuget", ".nuget", "{09DEED55-B936-4C29-AC45-6844080C025D}"
	ProjectSection(SolutionItems) = preProject
		.nuget\NEventStore.Persistence.Sql.nuspec = .nuget\NEventStore.Persistence.Sql.nuspec
		.nuget\NuGet.Config = .nuget\NuGet.Config
		.nuget\NuGet.exe = .nuget\NuGet.exe
		.nuget\NuGet.targets = .nuget\NuGet.targets
	EndProjectSection
EndProject
Project("{FAE04EC0-301F-11D3-BF4B-00C04F79EFBC}") = "NEventStore", "..\dependencies\NEventStore\src\NEventStore\NEventStore.csproj", "{03946843-F343-419C-88EF-3E446D08DFA6}"
EndProject
Project("{FAE04EC0-301F-11D3-BF4B-00C04F79EFBC}") = "NEventStore.Persistence.Sql", "NEventStore.Persistence.Sql\NEventStore.Persistence.Sql.csproj", "{F9E7FD69-0818-48CA-9249-5387739E1B6A}"
EndProject
Project("{FAE04EC0-301F-11D3-BF4B-00C04F79EFBC}") = "NEventStore.Persistence.AcceptanceTests", "..\dependencies\NEventStore\src\NEventStore.Persistence.AcceptanceTests\NEventStore.Persistence.AcceptanceTests.csproj", "{3FE594FE-16FF-4405-97D5-5A58FB12520B}"
EndProject
Project("{FAE04EC0-301F-11D3-BF4B-00C04F79EFBC}") = "NEventStore.Persistence.MsSql.Tests", "NEventStore.Persistence.MsSql.Tests\NEventStore.Persistence.MsSql.Tests.csproj", "{79D255F6-B001-425E-B3BF-CBF1E9A884B9}"
EndProject
Project("{FAE04EC0-301F-11D3-BF4B-00C04F79EFBC}") = "NEventStore.Persistence.MySql.Tests", "NEventStore.Persistence.MySql.Tests\NEventStore.Persistence.MySql.Tests.csproj", "{6073E59E-589B-4DC1-8073-0B3E462E825A}"
EndProject
Project("{FAE04EC0-301F-11D3-BF4B-00C04F79EFBC}") = "NEventStore.Persistence.Oracle.Tests", "NEventStore.Persistence.Oracle.Tests\NEventStore.Persistence.Oracle.Tests.csproj", "{860604D7-63EA-4F57-815B-57DF4830F212}"
EndProject
Project("{FAE04EC0-301F-11D3-BF4B-00C04F79EFBC}") = "NEventStore.Persistence.PostgreSql.Tests", "NEventStore.Persistence.PostgreSql.Tests\NEventStore.Persistence.PostgreSql.Tests.csproj", "{770FE444-6CC3-44D0-950E-EAF6B7CF7382}"
EndProject
Project("{FAE04EC0-301F-11D3-BF4B-00C04F79EFBC}") = "NEventStore.Persistence.Sqlite.Tests", "NEventStore.Persistence.Sqlite.Tests\NEventStore.Persistence.Sqlite.Tests.csproj", "{DE2428C7-5F47-4541-9727-B3AACB14DCD6}"
EndProject
Project("{FAE04EC0-301F-11D3-BF4B-00C04F79EFBC}") = "NEventStore.Persistence.Sql.Tests", "NEventStore.Persistence.Sql.Tests\NEventStore.Persistence.Sql.Tests.csproj", "{D210B888-D588-4231-9DDB-CB01F57D35C5}"
EndProject
Project("{D954291E-2A0B-460D-934E-DC6B0785DB48}") = "NEventStore.Persistence.Sql.Shared", "NEventStore.Persistence.Sql.Shared\NEventStore.Persistence.Sql.Shared.shproj", "{F02C1A8A-1649-41A4-890A-AE76F0F400AA}"
EndProject
Project("{FAE04EC0-301F-11D3-BF4B-00C04F79EFBC}") = "NEventStore.PCL", "..\dependencies\NEventStore\src\NEventStore.PCL\NEventStore.PCL.csproj", "{184306A0-CD59-46A7-AFE9-301335949328}"
EndProject
Project("{2150E333-8FDC-42A3-9474-1A3956D46DE8}") = "src", "src", "{718A2129-5A87-4F47-9FED-63544E1E496B}"
EndProject
Project("{2150E333-8FDC-42A3-9474-1A3956D46DE8}") = "test", "test", "{FA2D40A7-AD63-42D5-B95D-AF5E10A9E124}"
EndProject
Project("{FAE04EC0-301F-11D3-BF4B-00C04F79EFBC}") = "NEventStore.Persistence.Sql.Droid", "NEventStore.Persistence.Sql.Droid\NEventStore.Persistence.Sql.Droid.csproj", "{6D2327E0-5303-452B-BA08-342731ED6DF9}"
EndProject
Project("{FAE04EC0-301F-11D3-BF4B-00C04F79EFBC}") = "NEventStore.Persistence.Sql.iOS", "NEventStore.Persistence.Sql.iOS\NEventStore.Persistence.Sql.iOS.csproj", "{DB57F504-84B3-43B2-9558-4922D5A87E3E}"
EndProject
Project("{FAE04EC0-301F-11D3-BF4B-00C04F79EFBC}") = "NEventStore.Persistence.Sql.UWP", "NEventStore.Persistence.Sql.UWP\NEventStore.Persistence.Sql.UWP.csproj", "{ABF076D9-DCAA-49C7-A6C2-C0F55478CC69}"
EndProject
Project("{FAE04EC0-301F-11D3-BF4B-00C04F79EFBC}") = "NEventStore.UWP", "..\dependencies\NEventStore\src\NEventStore.UWP\NEventStore.UWP.csproj", "{51CEFD3D-BB3B-426C-8C51-04FDE5D6BB7F}"
EndProject
Project("{FAE04EC0-301F-11D3-BF4B-00C04F79EFBC}") = "NEventStore.Persistence.Sqlite.UWP.Tests", "NEventStore.Persistence.Sqlite.UWP.Tests\NEventStore.Persistence.Sqlite.UWP.Tests.csproj", "{29B275DB-0946-4434-89DB-96A61670B823}"
EndProject
Project("{D954291E-2A0B-460D-934E-DC6B0785DB48}") = "NEventStore.Persistence.AcceptanceTests.Shared", "..\dependencies\NEventStore\src\NEventStore.Persistence.AcceptanceTests.Shared\NEventStore.Persistence.AcceptanceTests.Shared.shproj", "{0B9ABEBE-33AB-4066-ABB8-9F1E7584A125}"
EndProject
Project("{FAE04EC0-301F-11D3-BF4B-00C04F79EFBC}") = "NEventStore.Persistence.Sqlite.Droid.Tests", "NEventStore.Persistence.Sqlite.Droid.Tests\NEventStore.Persistence.Sqlite.Droid.Tests.csproj", "{B74006F9-BEE4-45BF-B72A-1E9DD45D410A}"
EndProject
Project("{FAE04EC0-301F-11D3-BF4B-00C04F79EFBC}") = "NEventStore.Droid", "..\dependencies\NEventStore\src\NEventStore.Droid\NEventStore.Droid.csproj", "{B0C675BB-763D-4B50-9979-01CBCFB790F6}"
EndProject
Project("{FAE04EC0-301F-11D3-BF4B-00C04F79EFBC}") = "NEventStore.iOS", "..\dependencies\NEventStore\src\NEventStore.iOS\NEventStore.iOS.csproj", "{0214FC01-40C3-41E6-BFCF-36DA9FBD51AD}"
EndProject
Project("{FAE04EC0-301F-11D3-BF4B-00C04F79EFBC}") = "NEventStore.Persistence.Sqlite.iOS.Tests", "NEventStore.Persistence.Sqlite.iOS.Tests\NEventStore.Persistence.Sqlite.iOS.Tests.csproj", "{295FBE04-D793-4FD1-84F3-659D40336FCB}"
EndProject
Project("{FAE04EC0-301F-11D3-BF4B-00C04F79EFBC}") = "NEventStore.Persistence.Sql.PCL", "NEventStore.Persistence.Sql.PCL\NEventStore.Persistence.Sql.PCL.csproj", "{DB7A0BF7-9674-48BE-82B2-2A0444161798}"
EndProject
Global
	GlobalSection(SharedMSBuildProjectFiles) = preSolution
		..\dependencies\NEventStore\src\NEventStore.Shared\NEventStore.Shared.projitems*{0214fc01-40c3-41e6-bfcf-36da9fbd51ad}*SharedItemsImports = 4
		..\dependencies\NEventStore\src\NEventStore.Shared\NEventStore.Shared.projitems*{03946843-f343-419c-88ef-3e446d08dfa6}*SharedItemsImports = 4
		..\dependencies\NEventStore\src\NEventStore.Persistence.AcceptanceTests.Shared\NEventStore.Persistence.AcceptanceTests.Shared.projitems*{0b9abebe-33ab-4066-abb8-9f1e7584a125}*SharedItemsImports = 13
		..\dependencies\NEventStore\src\NEventStore.Shared\NEventStore.Shared.projitems*{184306a0-cd59-46a7-afe9-301335949328}*SharedItemsImports = 4
		..\dependencies\NEventStore\src\NEventStore.Persistence.AcceptanceTests.Shared\NEventStore.Persistence.AcceptanceTests.Shared.projitems*{295fbe04-d793-4fd1-84f3-659d40336fcb}*SharedItemsImports = 4
		..\dependencies\NEventStore\src\NEventStore.Persistence.AcceptanceTests.Shared\NEventStore.Persistence.AcceptanceTests.Shared.projitems*{29b275db-0946-4434-89db-96a61670b823}*SharedItemsImports = 4
		..\dependencies\NEventStore\src\NEventStore.Persistence.AcceptanceTests.Shared\NEventStore.Persistence.AcceptanceTests.Shared.projitems*{3fe594fe-16ff-4405-97d5-5a58fb12520b}*SharedItemsImports = 4
		..\dependencies\NEventStore\src\NEventStore.Shared\NEventStore.Shared.projitems*{51cefd3d-bb3b-426c-8c51-04fde5d6bb7f}*SharedItemsImports = 4
		NEventStore.Persistence.Sql.Shared\NEventStore.Persistence.Sql.Shared.projitems*{6d2327e0-5303-452b-ba08-342731ed6df9}*SharedItemsImports = 4
		NEventStore.Persistence.Sql.Shared\NEventStore.Persistence.Sql.Shared.projitems*{abf076d9-dcaa-49c7-a6c2-c0f55478cc69}*SharedItemsImports = 4
		..\dependencies\NEventStore\src\NEventStore.Shared\NEventStore.Shared.projitems*{b0c675bb-763d-4b50-9979-01cbcfb790f6}*SharedItemsImports = 4
		..\dependencies\NEventStore\src\NEventStore.Persistence.AcceptanceTests.Shared\NEventStore.Persistence.AcceptanceTests.Shared.projitems*{b74006f9-bee4-45bf-b72a-1e9dd45d410a}*SharedItemsImports = 4
		NEventStore.Persistence.Sql.Shared\NEventStore.Persistence.Sql.Shared.projitems*{db57f504-84b3-43b2-9558-4922d5a87e3e}*SharedItemsImports = 4
		NEventStore.Persistence.Sql.Shared\NEventStore.Persistence.Sql.Shared.projitems*{db7a0bf7-9674-48be-82b2-2a0444161798}*SharedItemsImports = 4
		NEventStore.Persistence.Sql.Shared\NEventStore.Persistence.Sql.Shared.projitems*{f02c1a8a-1649-41a4-890a-ae76f0f400aa}*SharedItemsImports = 13
		NEventStore.Persistence.Sql.Shared\NEventStore.Persistence.Sql.Shared.projitems*{f9e7fd69-0818-48ca-9249-5387739e1b6a}*SharedItemsImports = 4
	EndGlobalSection
	GlobalSection(SolutionConfigurationPlatforms) = preSolution
		Ad-Hoc|Any CPU = Ad-Hoc|Any CPU
		Ad-Hoc|ARM = Ad-Hoc|ARM
		Ad-Hoc|iPhone = Ad-Hoc|iPhone
		Ad-Hoc|iPhoneSimulator = Ad-Hoc|iPhoneSimulator
		Ad-Hoc|x64 = Ad-Hoc|x64
		Ad-Hoc|x86 = Ad-Hoc|x86
		AppStore|Any CPU = AppStore|Any CPU
		AppStore|ARM = AppStore|ARM
		AppStore|iPhone = AppStore|iPhone
		AppStore|iPhoneSimulator = AppStore|iPhoneSimulator
		AppStore|x64 = AppStore|x64
		AppStore|x86 = AppStore|x86
		Debug|Any CPU = Debug|Any CPU
		Debug|ARM = Debug|ARM
		Debug|iPhone = Debug|iPhone
		Debug|iPhoneSimulator = Debug|iPhoneSimulator
		Debug|x64 = Debug|x64
		Debug|x86 = Debug|x86
		Release|Any CPU = Release|Any CPU
		Release|ARM = Release|ARM
		Release|iPhone = Release|iPhone
		Release|iPhoneSimulator = Release|iPhoneSimulator
		Release|x64 = Release|x64
		Release|x86 = Release|x86
	EndGlobalSection
	GlobalSection(ProjectConfigurationPlatforms) = postSolution
		{03946843-F343-419C-88EF-3E446D08DFA6}.Ad-Hoc|Any CPU.ActiveCfg = Release|Any CPU
		{03946843-F343-419C-88EF-3E446D08DFA6}.Ad-Hoc|Any CPU.Build.0 = Release|Any CPU
		{03946843-F343-419C-88EF-3E446D08DFA6}.Ad-Hoc|ARM.ActiveCfg = Release|Any CPU
		{03946843-F343-419C-88EF-3E446D08DFA6}.Ad-Hoc|ARM.Build.0 = Release|Any CPU
		{03946843-F343-419C-88EF-3E446D08DFA6}.Ad-Hoc|iPhone.ActiveCfg = Release|Any CPU
		{03946843-F343-419C-88EF-3E446D08DFA6}.Ad-Hoc|iPhone.Build.0 = Release|Any CPU
		{03946843-F343-419C-88EF-3E446D08DFA6}.Ad-Hoc|iPhoneSimulator.ActiveCfg = Release|Any CPU
		{03946843-F343-419C-88EF-3E446D08DFA6}.Ad-Hoc|iPhoneSimulator.Build.0 = Release|Any CPU
		{03946843-F343-419C-88EF-3E446D08DFA6}.Ad-Hoc|x64.ActiveCfg = Release|Any CPU
		{03946843-F343-419C-88EF-3E446D08DFA6}.Ad-Hoc|x64.Build.0 = Release|Any CPU
		{03946843-F343-419C-88EF-3E446D08DFA6}.Ad-Hoc|x86.ActiveCfg = Release|Any CPU
		{03946843-F343-419C-88EF-3E446D08DFA6}.Ad-Hoc|x86.Build.0 = Release|Any CPU
		{03946843-F343-419C-88EF-3E446D08DFA6}.AppStore|Any CPU.ActiveCfg = Release|Any CPU
		{03946843-F343-419C-88EF-3E446D08DFA6}.AppStore|Any CPU.Build.0 = Release|Any CPU
		{03946843-F343-419C-88EF-3E446D08DFA6}.AppStore|ARM.ActiveCfg = Release|Any CPU
		{03946843-F343-419C-88EF-3E446D08DFA6}.AppStore|ARM.Build.0 = Release|Any CPU
		{03946843-F343-419C-88EF-3E446D08DFA6}.AppStore|iPhone.ActiveCfg = Release|Any CPU
		{03946843-F343-419C-88EF-3E446D08DFA6}.AppStore|iPhone.Build.0 = Release|Any CPU
		{03946843-F343-419C-88EF-3E446D08DFA6}.AppStore|iPhoneSimulator.ActiveCfg = Release|Any CPU
		{03946843-F343-419C-88EF-3E446D08DFA6}.AppStore|iPhoneSimulator.Build.0 = Release|Any CPU
		{03946843-F343-419C-88EF-3E446D08DFA6}.AppStore|x64.ActiveCfg = Release|Any CPU
		{03946843-F343-419C-88EF-3E446D08DFA6}.AppStore|x64.Build.0 = Release|Any CPU
		{03946843-F343-419C-88EF-3E446D08DFA6}.AppStore|x86.ActiveCfg = Release|Any CPU
		{03946843-F343-419C-88EF-3E446D08DFA6}.AppStore|x86.Build.0 = Release|Any CPU
		{03946843-F343-419C-88EF-3E446D08DFA6}.Debug|Any CPU.ActiveCfg = Debug|Any CPU
		{03946843-F343-419C-88EF-3E446D08DFA6}.Debug|Any CPU.Build.0 = Debug|Any CPU
		{03946843-F343-419C-88EF-3E446D08DFA6}.Debug|ARM.ActiveCfg = Debug|Any CPU
		{03946843-F343-419C-88EF-3E446D08DFA6}.Debug|ARM.Build.0 = Debug|Any CPU
		{03946843-F343-419C-88EF-3E446D08DFA6}.Debug|iPhone.ActiveCfg = Debug|Any CPU
		{03946843-F343-419C-88EF-3E446D08DFA6}.Debug|iPhone.Build.0 = Debug|Any CPU
		{03946843-F343-419C-88EF-3E446D08DFA6}.Debug|iPhoneSimulator.ActiveCfg = Debug|Any CPU
		{03946843-F343-419C-88EF-3E446D08DFA6}.Debug|iPhoneSimulator.Build.0 = Debug|Any CPU
		{03946843-F343-419C-88EF-3E446D08DFA6}.Debug|x64.ActiveCfg = Debug|Any CPU
		{03946843-F343-419C-88EF-3E446D08DFA6}.Debug|x64.Build.0 = Debug|Any CPU
		{03946843-F343-419C-88EF-3E446D08DFA6}.Debug|x86.ActiveCfg = Debug|Any CPU
		{03946843-F343-419C-88EF-3E446D08DFA6}.Debug|x86.Build.0 = Debug|Any CPU
		{03946843-F343-419C-88EF-3E446D08DFA6}.Release|Any CPU.ActiveCfg = Release|Any CPU
		{03946843-F343-419C-88EF-3E446D08DFA6}.Release|Any CPU.Build.0 = Release|Any CPU
		{03946843-F343-419C-88EF-3E446D08DFA6}.Release|ARM.ActiveCfg = Release|Any CPU
		{03946843-F343-419C-88EF-3E446D08DFA6}.Release|ARM.Build.0 = Release|Any CPU
		{03946843-F343-419C-88EF-3E446D08DFA6}.Release|iPhone.ActiveCfg = Release|Any CPU
		{03946843-F343-419C-88EF-3E446D08DFA6}.Release|iPhone.Build.0 = Release|Any CPU
		{03946843-F343-419C-88EF-3E446D08DFA6}.Release|iPhoneSimulator.ActiveCfg = Release|Any CPU
		{03946843-F343-419C-88EF-3E446D08DFA6}.Release|iPhoneSimulator.Build.0 = Release|Any CPU
		{03946843-F343-419C-88EF-3E446D08DFA6}.Release|x64.ActiveCfg = Release|Any CPU
		{03946843-F343-419C-88EF-3E446D08DFA6}.Release|x64.Build.0 = Release|Any CPU
		{03946843-F343-419C-88EF-3E446D08DFA6}.Release|x86.ActiveCfg = Release|Any CPU
		{03946843-F343-419C-88EF-3E446D08DFA6}.Release|x86.Build.0 = Release|Any CPU
		{F9E7FD69-0818-48CA-9249-5387739E1B6A}.Ad-Hoc|Any CPU.ActiveCfg = Release|Any CPU
		{F9E7FD69-0818-48CA-9249-5387739E1B6A}.Ad-Hoc|Any CPU.Build.0 = Release|Any CPU
		{F9E7FD69-0818-48CA-9249-5387739E1B6A}.Ad-Hoc|ARM.ActiveCfg = Release|Any CPU
		{F9E7FD69-0818-48CA-9249-5387739E1B6A}.Ad-Hoc|ARM.Build.0 = Release|Any CPU
		{F9E7FD69-0818-48CA-9249-5387739E1B6A}.Ad-Hoc|iPhone.ActiveCfg = Release|Any CPU
		{F9E7FD69-0818-48CA-9249-5387739E1B6A}.Ad-Hoc|iPhone.Build.0 = Release|Any CPU
		{F9E7FD69-0818-48CA-9249-5387739E1B6A}.Ad-Hoc|iPhoneSimulator.ActiveCfg = Release|Any CPU
		{F9E7FD69-0818-48CA-9249-5387739E1B6A}.Ad-Hoc|iPhoneSimulator.Build.0 = Release|Any CPU
		{F9E7FD69-0818-48CA-9249-5387739E1B6A}.Ad-Hoc|x64.ActiveCfg = Release|Any CPU
		{F9E7FD69-0818-48CA-9249-5387739E1B6A}.Ad-Hoc|x64.Build.0 = Release|Any CPU
		{F9E7FD69-0818-48CA-9249-5387739E1B6A}.Ad-Hoc|x86.ActiveCfg = Release|Any CPU
		{F9E7FD69-0818-48CA-9249-5387739E1B6A}.Ad-Hoc|x86.Build.0 = Release|Any CPU
		{F9E7FD69-0818-48CA-9249-5387739E1B6A}.AppStore|Any CPU.ActiveCfg = Release|Any CPU
		{F9E7FD69-0818-48CA-9249-5387739E1B6A}.AppStore|Any CPU.Build.0 = Release|Any CPU
		{F9E7FD69-0818-48CA-9249-5387739E1B6A}.AppStore|ARM.ActiveCfg = Release|Any CPU
		{F9E7FD69-0818-48CA-9249-5387739E1B6A}.AppStore|ARM.Build.0 = Release|Any CPU
		{F9E7FD69-0818-48CA-9249-5387739E1B6A}.AppStore|iPhone.ActiveCfg = Release|Any CPU
		{F9E7FD69-0818-48CA-9249-5387739E1B6A}.AppStore|iPhone.Build.0 = Release|Any CPU
		{F9E7FD69-0818-48CA-9249-5387739E1B6A}.AppStore|iPhoneSimulator.ActiveCfg = Release|Any CPU
		{F9E7FD69-0818-48CA-9249-5387739E1B6A}.AppStore|iPhoneSimulator.Build.0 = Release|Any CPU
		{F9E7FD69-0818-48CA-9249-5387739E1B6A}.AppStore|x64.ActiveCfg = Release|Any CPU
		{F9E7FD69-0818-48CA-9249-5387739E1B6A}.AppStore|x64.Build.0 = Release|Any CPU
		{F9E7FD69-0818-48CA-9249-5387739E1B6A}.AppStore|x86.ActiveCfg = Release|Any CPU
		{F9E7FD69-0818-48CA-9249-5387739E1B6A}.AppStore|x86.Build.0 = Release|Any CPU
		{F9E7FD69-0818-48CA-9249-5387739E1B6A}.Debug|Any CPU.ActiveCfg = Debug|Any CPU
		{F9E7FD69-0818-48CA-9249-5387739E1B6A}.Debug|Any CPU.Build.0 = Debug|Any CPU
		{F9E7FD69-0818-48CA-9249-5387739E1B6A}.Debug|ARM.ActiveCfg = Debug|Any CPU
		{F9E7FD69-0818-48CA-9249-5387739E1B6A}.Debug|ARM.Build.0 = Debug|Any CPU
		{F9E7FD69-0818-48CA-9249-5387739E1B6A}.Debug|iPhone.ActiveCfg = Debug|Any CPU
		{F9E7FD69-0818-48CA-9249-5387739E1B6A}.Debug|iPhone.Build.0 = Debug|Any CPU
		{F9E7FD69-0818-48CA-9249-5387739E1B6A}.Debug|iPhoneSimulator.ActiveCfg = Debug|Any CPU
		{F9E7FD69-0818-48CA-9249-5387739E1B6A}.Debug|iPhoneSimulator.Build.0 = Debug|Any CPU
		{F9E7FD69-0818-48CA-9249-5387739E1B6A}.Debug|x64.ActiveCfg = Debug|Any CPU
		{F9E7FD69-0818-48CA-9249-5387739E1B6A}.Debug|x64.Build.0 = Debug|Any CPU
		{F9E7FD69-0818-48CA-9249-5387739E1B6A}.Debug|x86.ActiveCfg = Debug|Any CPU
		{F9E7FD69-0818-48CA-9249-5387739E1B6A}.Debug|x86.Build.0 = Debug|Any CPU
		{F9E7FD69-0818-48CA-9249-5387739E1B6A}.Release|Any CPU.ActiveCfg = Release|Any CPU
		{F9E7FD69-0818-48CA-9249-5387739E1B6A}.Release|Any CPU.Build.0 = Release|Any CPU
		{F9E7FD69-0818-48CA-9249-5387739E1B6A}.Release|ARM.ActiveCfg = Release|Any CPU
		{F9E7FD69-0818-48CA-9249-5387739E1B6A}.Release|ARM.Build.0 = Release|Any CPU
		{F9E7FD69-0818-48CA-9249-5387739E1B6A}.Release|iPhone.ActiveCfg = Release|Any CPU
		{F9E7FD69-0818-48CA-9249-5387739E1B6A}.Release|iPhone.Build.0 = Release|Any CPU
		{F9E7FD69-0818-48CA-9249-5387739E1B6A}.Release|iPhoneSimulator.ActiveCfg = Release|Any CPU
		{F9E7FD69-0818-48CA-9249-5387739E1B6A}.Release|iPhoneSimulator.Build.0 = Release|Any CPU
		{F9E7FD69-0818-48CA-9249-5387739E1B6A}.Release|x64.ActiveCfg = Release|Any CPU
		{F9E7FD69-0818-48CA-9249-5387739E1B6A}.Release|x64.Build.0 = Release|Any CPU
		{F9E7FD69-0818-48CA-9249-5387739E1B6A}.Release|x86.ActiveCfg = Release|Any CPU
		{F9E7FD69-0818-48CA-9249-5387739E1B6A}.Release|x86.Build.0 = Release|Any CPU
		{3FE594FE-16FF-4405-97D5-5A58FB12520B}.Ad-Hoc|Any CPU.ActiveCfg = Release|Any CPU
		{3FE594FE-16FF-4405-97D5-5A58FB12520B}.Ad-Hoc|Any CPU.Build.0 = Release|Any CPU
		{3FE594FE-16FF-4405-97D5-5A58FB12520B}.Ad-Hoc|ARM.ActiveCfg = Release|Any CPU
		{3FE594FE-16FF-4405-97D5-5A58FB12520B}.Ad-Hoc|ARM.Build.0 = Release|Any CPU
		{3FE594FE-16FF-4405-97D5-5A58FB12520B}.Ad-Hoc|iPhone.ActiveCfg = Release|Any CPU
		{3FE594FE-16FF-4405-97D5-5A58FB12520B}.Ad-Hoc|iPhone.Build.0 = Release|Any CPU
		{3FE594FE-16FF-4405-97D5-5A58FB12520B}.Ad-Hoc|iPhoneSimulator.ActiveCfg = Release|Any CPU
		{3FE594FE-16FF-4405-97D5-5A58FB12520B}.Ad-Hoc|iPhoneSimulator.Build.0 = Release|Any CPU
		{3FE594FE-16FF-4405-97D5-5A58FB12520B}.Ad-Hoc|x64.ActiveCfg = Release|Any CPU
		{3FE594FE-16FF-4405-97D5-5A58FB12520B}.Ad-Hoc|x64.Build.0 = Release|Any CPU
		{3FE594FE-16FF-4405-97D5-5A58FB12520B}.Ad-Hoc|x86.ActiveCfg = Release|Any CPU
		{3FE594FE-16FF-4405-97D5-5A58FB12520B}.Ad-Hoc|x86.Build.0 = Release|Any CPU
		{3FE594FE-16FF-4405-97D5-5A58FB12520B}.AppStore|Any CPU.ActiveCfg = Release|Any CPU
		{3FE594FE-16FF-4405-97D5-5A58FB12520B}.AppStore|Any CPU.Build.0 = Release|Any CPU
		{3FE594FE-16FF-4405-97D5-5A58FB12520B}.AppStore|ARM.ActiveCfg = Release|Any CPU
		{3FE594FE-16FF-4405-97D5-5A58FB12520B}.AppStore|ARM.Build.0 = Release|Any CPU
		{3FE594FE-16FF-4405-97D5-5A58FB12520B}.AppStore|iPhone.ActiveCfg = Release|Any CPU
		{3FE594FE-16FF-4405-97D5-5A58FB12520B}.AppStore|iPhone.Build.0 = Release|Any CPU
		{3FE594FE-16FF-4405-97D5-5A58FB12520B}.AppStore|iPhoneSimulator.ActiveCfg = Release|Any CPU
		{3FE594FE-16FF-4405-97D5-5A58FB12520B}.AppStore|iPhoneSimulator.Build.0 = Release|Any CPU
		{3FE594FE-16FF-4405-97D5-5A58FB12520B}.AppStore|x64.ActiveCfg = Release|Any CPU
		{3FE594FE-16FF-4405-97D5-5A58FB12520B}.AppStore|x64.Build.0 = Release|Any CPU
		{3FE594FE-16FF-4405-97D5-5A58FB12520B}.AppStore|x86.ActiveCfg = Release|Any CPU
		{3FE594FE-16FF-4405-97D5-5A58FB12520B}.AppStore|x86.Build.0 = Release|Any CPU
		{3FE594FE-16FF-4405-97D5-5A58FB12520B}.Debug|Any CPU.ActiveCfg = Debug|Any CPU
		{3FE594FE-16FF-4405-97D5-5A58FB12520B}.Debug|Any CPU.Build.0 = Debug|Any CPU
		{3FE594FE-16FF-4405-97D5-5A58FB12520B}.Debug|ARM.ActiveCfg = Debug|Any CPU
		{3FE594FE-16FF-4405-97D5-5A58FB12520B}.Debug|ARM.Build.0 = Debug|Any CPU
		{3FE594FE-16FF-4405-97D5-5A58FB12520B}.Debug|iPhone.ActiveCfg = Debug|Any CPU
		{3FE594FE-16FF-4405-97D5-5A58FB12520B}.Debug|iPhone.Build.0 = Debug|Any CPU
		{3FE594FE-16FF-4405-97D5-5A58FB12520B}.Debug|iPhoneSimulator.ActiveCfg = Debug|Any CPU
		{3FE594FE-16FF-4405-97D5-5A58FB12520B}.Debug|iPhoneSimulator.Build.0 = Debug|Any CPU
		{3FE594FE-16FF-4405-97D5-5A58FB12520B}.Debug|x64.ActiveCfg = Debug|Any CPU
		{3FE594FE-16FF-4405-97D5-5A58FB12520B}.Debug|x64.Build.0 = Debug|Any CPU
		{3FE594FE-16FF-4405-97D5-5A58FB12520B}.Debug|x86.ActiveCfg = Debug|Any CPU
		{3FE594FE-16FF-4405-97D5-5A58FB12520B}.Debug|x86.Build.0 = Debug|Any CPU
		{3FE594FE-16FF-4405-97D5-5A58FB12520B}.Release|Any CPU.ActiveCfg = Release|Any CPU
		{3FE594FE-16FF-4405-97D5-5A58FB12520B}.Release|Any CPU.Build.0 = Release|Any CPU
		{3FE594FE-16FF-4405-97D5-5A58FB12520B}.Release|ARM.ActiveCfg = Release|Any CPU
		{3FE594FE-16FF-4405-97D5-5A58FB12520B}.Release|ARM.Build.0 = Release|Any CPU
		{3FE594FE-16FF-4405-97D5-5A58FB12520B}.Release|iPhone.ActiveCfg = Release|Any CPU
		{3FE594FE-16FF-4405-97D5-5A58FB12520B}.Release|iPhone.Build.0 = Release|Any CPU
		{3FE594FE-16FF-4405-97D5-5A58FB12520B}.Release|iPhoneSimulator.ActiveCfg = Release|Any CPU
		{3FE594FE-16FF-4405-97D5-5A58FB12520B}.Release|iPhoneSimulator.Build.0 = Release|Any CPU
		{3FE594FE-16FF-4405-97D5-5A58FB12520B}.Release|x64.ActiveCfg = Release|Any CPU
		{3FE594FE-16FF-4405-97D5-5A58FB12520B}.Release|x64.Build.0 = Release|Any CPU
		{3FE594FE-16FF-4405-97D5-5A58FB12520B}.Release|x86.ActiveCfg = Release|Any CPU
		{3FE594FE-16FF-4405-97D5-5A58FB12520B}.Release|x86.Build.0 = Release|Any CPU
		{79D255F6-B001-425E-B3BF-CBF1E9A884B9}.Ad-Hoc|Any CPU.ActiveCfg = Release|Any CPU
		{79D255F6-B001-425E-B3BF-CBF1E9A884B9}.Ad-Hoc|Any CPU.Build.0 = Release|Any CPU
		{79D255F6-B001-425E-B3BF-CBF1E9A884B9}.Ad-Hoc|ARM.ActiveCfg = Release|Any CPU
		{79D255F6-B001-425E-B3BF-CBF1E9A884B9}.Ad-Hoc|ARM.Build.0 = Release|Any CPU
		{79D255F6-B001-425E-B3BF-CBF1E9A884B9}.Ad-Hoc|iPhone.ActiveCfg = Release|Any CPU
		{79D255F6-B001-425E-B3BF-CBF1E9A884B9}.Ad-Hoc|iPhone.Build.0 = Release|Any CPU
		{79D255F6-B001-425E-B3BF-CBF1E9A884B9}.Ad-Hoc|iPhoneSimulator.ActiveCfg = Release|Any CPU
		{79D255F6-B001-425E-B3BF-CBF1E9A884B9}.Ad-Hoc|iPhoneSimulator.Build.0 = Release|Any CPU
		{79D255F6-B001-425E-B3BF-CBF1E9A884B9}.Ad-Hoc|x64.ActiveCfg = Release|Any CPU
		{79D255F6-B001-425E-B3BF-CBF1E9A884B9}.Ad-Hoc|x64.Build.0 = Release|Any CPU
		{79D255F6-B001-425E-B3BF-CBF1E9A884B9}.Ad-Hoc|x86.ActiveCfg = Release|Any CPU
		{79D255F6-B001-425E-B3BF-CBF1E9A884B9}.Ad-Hoc|x86.Build.0 = Release|Any CPU
		{79D255F6-B001-425E-B3BF-CBF1E9A884B9}.AppStore|Any CPU.ActiveCfg = Release|Any CPU
		{79D255F6-B001-425E-B3BF-CBF1E9A884B9}.AppStore|Any CPU.Build.0 = Release|Any CPU
		{79D255F6-B001-425E-B3BF-CBF1E9A884B9}.AppStore|ARM.ActiveCfg = Release|Any CPU
		{79D255F6-B001-425E-B3BF-CBF1E9A884B9}.AppStore|ARM.Build.0 = Release|Any CPU
		{79D255F6-B001-425E-B3BF-CBF1E9A884B9}.AppStore|iPhone.ActiveCfg = Release|Any CPU
		{79D255F6-B001-425E-B3BF-CBF1E9A884B9}.AppStore|iPhone.Build.0 = Release|Any CPU
		{79D255F6-B001-425E-B3BF-CBF1E9A884B9}.AppStore|iPhoneSimulator.ActiveCfg = Release|Any CPU
		{79D255F6-B001-425E-B3BF-CBF1E9A884B9}.AppStore|iPhoneSimulator.Build.0 = Release|Any CPU
		{79D255F6-B001-425E-B3BF-CBF1E9A884B9}.AppStore|x64.ActiveCfg = Release|Any CPU
		{79D255F6-B001-425E-B3BF-CBF1E9A884B9}.AppStore|x64.Build.0 = Release|Any CPU
		{79D255F6-B001-425E-B3BF-CBF1E9A884B9}.AppStore|x86.ActiveCfg = Release|Any CPU
		{79D255F6-B001-425E-B3BF-CBF1E9A884B9}.AppStore|x86.Build.0 = Release|Any CPU
		{79D255F6-B001-425E-B3BF-CBF1E9A884B9}.Debug|Any CPU.ActiveCfg = Debug|Any CPU
		{79D255F6-B001-425E-B3BF-CBF1E9A884B9}.Debug|Any CPU.Build.0 = Debug|Any CPU
		{79D255F6-B001-425E-B3BF-CBF1E9A884B9}.Debug|ARM.ActiveCfg = Debug|Any CPU
		{79D255F6-B001-425E-B3BF-CBF1E9A884B9}.Debug|ARM.Build.0 = Debug|Any CPU
		{79D255F6-B001-425E-B3BF-CBF1E9A884B9}.Debug|iPhone.ActiveCfg = Debug|Any CPU
		{79D255F6-B001-425E-B3BF-CBF1E9A884B9}.Debug|iPhone.Build.0 = Debug|Any CPU
		{79D255F6-B001-425E-B3BF-CBF1E9A884B9}.Debug|iPhoneSimulator.ActiveCfg = Debug|Any CPU
		{79D255F6-B001-425E-B3BF-CBF1E9A884B9}.Debug|iPhoneSimulator.Build.0 = Debug|Any CPU
		{79D255F6-B001-425E-B3BF-CBF1E9A884B9}.Debug|x64.ActiveCfg = Debug|Any CPU
		{79D255F6-B001-425E-B3BF-CBF1E9A884B9}.Debug|x64.Build.0 = Debug|Any CPU
		{79D255F6-B001-425E-B3BF-CBF1E9A884B9}.Debug|x86.ActiveCfg = Debug|Any CPU
		{79D255F6-B001-425E-B3BF-CBF1E9A884B9}.Debug|x86.Build.0 = Debug|Any CPU
		{79D255F6-B001-425E-B3BF-CBF1E9A884B9}.Release|Any CPU.ActiveCfg = Release|Any CPU
		{79D255F6-B001-425E-B3BF-CBF1E9A884B9}.Release|Any CPU.Build.0 = Release|Any CPU
		{79D255F6-B001-425E-B3BF-CBF1E9A884B9}.Release|ARM.ActiveCfg = Release|Any CPU
		{79D255F6-B001-425E-B3BF-CBF1E9A884B9}.Release|ARM.Build.0 = Release|Any CPU
		{79D255F6-B001-425E-B3BF-CBF1E9A884B9}.Release|iPhone.ActiveCfg = Release|Any CPU
		{79D255F6-B001-425E-B3BF-CBF1E9A884B9}.Release|iPhone.Build.0 = Release|Any CPU
		{79D255F6-B001-425E-B3BF-CBF1E9A884B9}.Release|iPhoneSimulator.ActiveCfg = Release|Any CPU
		{79D255F6-B001-425E-B3BF-CBF1E9A884B9}.Release|iPhoneSimulator.Build.0 = Release|Any CPU
		{79D255F6-B001-425E-B3BF-CBF1E9A884B9}.Release|x64.ActiveCfg = Release|Any CPU
		{79D255F6-B001-425E-B3BF-CBF1E9A884B9}.Release|x64.Build.0 = Release|Any CPU
		{79D255F6-B001-425E-B3BF-CBF1E9A884B9}.Release|x86.ActiveCfg = Release|Any CPU
		{79D255F6-B001-425E-B3BF-CBF1E9A884B9}.Release|x86.Build.0 = Release|Any CPU
		{6073E59E-589B-4DC1-8073-0B3E462E825A}.Ad-Hoc|Any CPU.ActiveCfg = Release|Any CPU
		{6073E59E-589B-4DC1-8073-0B3E462E825A}.Ad-Hoc|Any CPU.Build.0 = Release|Any CPU
		{6073E59E-589B-4DC1-8073-0B3E462E825A}.Ad-Hoc|ARM.ActiveCfg = Release|Any CPU
		{6073E59E-589B-4DC1-8073-0B3E462E825A}.Ad-Hoc|ARM.Build.0 = Release|Any CPU
		{6073E59E-589B-4DC1-8073-0B3E462E825A}.Ad-Hoc|iPhone.ActiveCfg = Release|Any CPU
		{6073E59E-589B-4DC1-8073-0B3E462E825A}.Ad-Hoc|iPhone.Build.0 = Release|Any CPU
		{6073E59E-589B-4DC1-8073-0B3E462E825A}.Ad-Hoc|iPhoneSimulator.ActiveCfg = Release|Any CPU
		{6073E59E-589B-4DC1-8073-0B3E462E825A}.Ad-Hoc|iPhoneSimulator.Build.0 = Release|Any CPU
		{6073E59E-589B-4DC1-8073-0B3E462E825A}.Ad-Hoc|x64.ActiveCfg = Release|Any CPU
		{6073E59E-589B-4DC1-8073-0B3E462E825A}.Ad-Hoc|x64.Build.0 = Release|Any CPU
		{6073E59E-589B-4DC1-8073-0B3E462E825A}.Ad-Hoc|x86.ActiveCfg = Release|Any CPU
		{6073E59E-589B-4DC1-8073-0B3E462E825A}.Ad-Hoc|x86.Build.0 = Release|Any CPU
		{6073E59E-589B-4DC1-8073-0B3E462E825A}.AppStore|Any CPU.ActiveCfg = Release|Any CPU
		{6073E59E-589B-4DC1-8073-0B3E462E825A}.AppStore|Any CPU.Build.0 = Release|Any CPU
		{6073E59E-589B-4DC1-8073-0B3E462E825A}.AppStore|ARM.ActiveCfg = Release|Any CPU
		{6073E59E-589B-4DC1-8073-0B3E462E825A}.AppStore|ARM.Build.0 = Release|Any CPU
		{6073E59E-589B-4DC1-8073-0B3E462E825A}.AppStore|iPhone.ActiveCfg = Release|Any CPU
		{6073E59E-589B-4DC1-8073-0B3E462E825A}.AppStore|iPhone.Build.0 = Release|Any CPU
		{6073E59E-589B-4DC1-8073-0B3E462E825A}.AppStore|iPhoneSimulator.ActiveCfg = Release|Any CPU
		{6073E59E-589B-4DC1-8073-0B3E462E825A}.AppStore|iPhoneSimulator.Build.0 = Release|Any CPU
		{6073E59E-589B-4DC1-8073-0B3E462E825A}.AppStore|x64.ActiveCfg = Release|Any CPU
		{6073E59E-589B-4DC1-8073-0B3E462E825A}.AppStore|x64.Build.0 = Release|Any CPU
		{6073E59E-589B-4DC1-8073-0B3E462E825A}.AppStore|x86.ActiveCfg = Release|Any CPU
		{6073E59E-589B-4DC1-8073-0B3E462E825A}.AppStore|x86.Build.0 = Release|Any CPU
		{6073E59E-589B-4DC1-8073-0B3E462E825A}.Debug|Any CPU.ActiveCfg = Debug|Any CPU
		{6073E59E-589B-4DC1-8073-0B3E462E825A}.Debug|Any CPU.Build.0 = Debug|Any CPU
		{6073E59E-589B-4DC1-8073-0B3E462E825A}.Debug|ARM.ActiveCfg = Debug|Any CPU
		{6073E59E-589B-4DC1-8073-0B3E462E825A}.Debug|ARM.Build.0 = Debug|Any CPU
		{6073E59E-589B-4DC1-8073-0B3E462E825A}.Debug|iPhone.ActiveCfg = Debug|Any CPU
		{6073E59E-589B-4DC1-8073-0B3E462E825A}.Debug|iPhone.Build.0 = Debug|Any CPU
		{6073E59E-589B-4DC1-8073-0B3E462E825A}.Debug|iPhoneSimulator.ActiveCfg = Debug|Any CPU
		{6073E59E-589B-4DC1-8073-0B3E462E825A}.Debug|iPhoneSimulator.Build.0 = Debug|Any CPU
		{6073E59E-589B-4DC1-8073-0B3E462E825A}.Debug|x64.ActiveCfg = Debug|Any CPU
		{6073E59E-589B-4DC1-8073-0B3E462E825A}.Debug|x64.Build.0 = Debug|Any CPU
		{6073E59E-589B-4DC1-8073-0B3E462E825A}.Debug|x86.ActiveCfg = Debug|Any CPU
		{6073E59E-589B-4DC1-8073-0B3E462E825A}.Debug|x86.Build.0 = Debug|Any CPU
		{6073E59E-589B-4DC1-8073-0B3E462E825A}.Release|Any CPU.ActiveCfg = Release|Any CPU
		{6073E59E-589B-4DC1-8073-0B3E462E825A}.Release|Any CPU.Build.0 = Release|Any CPU
		{6073E59E-589B-4DC1-8073-0B3E462E825A}.Release|ARM.ActiveCfg = Release|Any CPU
		{6073E59E-589B-4DC1-8073-0B3E462E825A}.Release|ARM.Build.0 = Release|Any CPU
		{6073E59E-589B-4DC1-8073-0B3E462E825A}.Release|iPhone.ActiveCfg = Release|Any CPU
		{6073E59E-589B-4DC1-8073-0B3E462E825A}.Release|iPhone.Build.0 = Release|Any CPU
		{6073E59E-589B-4DC1-8073-0B3E462E825A}.Release|iPhoneSimulator.ActiveCfg = Release|Any CPU
		{6073E59E-589B-4DC1-8073-0B3E462E825A}.Release|iPhoneSimulator.Build.0 = Release|Any CPU
		{6073E59E-589B-4DC1-8073-0B3E462E825A}.Release|x64.ActiveCfg = Release|Any CPU
		{6073E59E-589B-4DC1-8073-0B3E462E825A}.Release|x64.Build.0 = Release|Any CPU
		{6073E59E-589B-4DC1-8073-0B3E462E825A}.Release|x86.ActiveCfg = Release|Any CPU
		{6073E59E-589B-4DC1-8073-0B3E462E825A}.Release|x86.Build.0 = Release|Any CPU
		{860604D7-63EA-4F57-815B-57DF4830F212}.Ad-Hoc|Any CPU.ActiveCfg = Release|Any CPU
		{860604D7-63EA-4F57-815B-57DF4830F212}.Ad-Hoc|Any CPU.Build.0 = Release|Any CPU
		{860604D7-63EA-4F57-815B-57DF4830F212}.Ad-Hoc|ARM.ActiveCfg = Release|Any CPU
		{860604D7-63EA-4F57-815B-57DF4830F212}.Ad-Hoc|ARM.Build.0 = Release|Any CPU
		{860604D7-63EA-4F57-815B-57DF4830F212}.Ad-Hoc|iPhone.ActiveCfg = Release|Any CPU
		{860604D7-63EA-4F57-815B-57DF4830F212}.Ad-Hoc|iPhone.Build.0 = Release|Any CPU
		{860604D7-63EA-4F57-815B-57DF4830F212}.Ad-Hoc|iPhoneSimulator.ActiveCfg = Release|Any CPU
		{860604D7-63EA-4F57-815B-57DF4830F212}.Ad-Hoc|iPhoneSimulator.Build.0 = Release|Any CPU
		{860604D7-63EA-4F57-815B-57DF4830F212}.Ad-Hoc|x64.ActiveCfg = Release|Any CPU
		{860604D7-63EA-4F57-815B-57DF4830F212}.Ad-Hoc|x64.Build.0 = Release|Any CPU
		{860604D7-63EA-4F57-815B-57DF4830F212}.Ad-Hoc|x86.ActiveCfg = Release|Any CPU
		{860604D7-63EA-4F57-815B-57DF4830F212}.Ad-Hoc|x86.Build.0 = Release|Any CPU
		{860604D7-63EA-4F57-815B-57DF4830F212}.AppStore|Any CPU.ActiveCfg = Release|Any CPU
		{860604D7-63EA-4F57-815B-57DF4830F212}.AppStore|Any CPU.Build.0 = Release|Any CPU
		{860604D7-63EA-4F57-815B-57DF4830F212}.AppStore|ARM.ActiveCfg = Release|Any CPU
		{860604D7-63EA-4F57-815B-57DF4830F212}.AppStore|ARM.Build.0 = Release|Any CPU
		{860604D7-63EA-4F57-815B-57DF4830F212}.AppStore|iPhone.ActiveCfg = Release|Any CPU
		{860604D7-63EA-4F57-815B-57DF4830F212}.AppStore|iPhone.Build.0 = Release|Any CPU
		{860604D7-63EA-4F57-815B-57DF4830F212}.AppStore|iPhoneSimulator.ActiveCfg = Release|Any CPU
		{860604D7-63EA-4F57-815B-57DF4830F212}.AppStore|iPhoneSimulator.Build.0 = Release|Any CPU
		{860604D7-63EA-4F57-815B-57DF4830F212}.AppStore|x64.ActiveCfg = Release|Any CPU
		{860604D7-63EA-4F57-815B-57DF4830F212}.AppStore|x64.Build.0 = Release|Any CPU
		{860604D7-63EA-4F57-815B-57DF4830F212}.AppStore|x86.ActiveCfg = Release|Any CPU
		{860604D7-63EA-4F57-815B-57DF4830F212}.AppStore|x86.Build.0 = Release|Any CPU
		{860604D7-63EA-4F57-815B-57DF4830F212}.Debug|Any CPU.ActiveCfg = Debug|Any CPU
		{860604D7-63EA-4F57-815B-57DF4830F212}.Debug|Any CPU.Build.0 = Debug|Any CPU
		{860604D7-63EA-4F57-815B-57DF4830F212}.Debug|ARM.ActiveCfg = Debug|Any CPU
		{860604D7-63EA-4F57-815B-57DF4830F212}.Debug|ARM.Build.0 = Debug|Any CPU
		{860604D7-63EA-4F57-815B-57DF4830F212}.Debug|iPhone.ActiveCfg = Debug|Any CPU
		{860604D7-63EA-4F57-815B-57DF4830F212}.Debug|iPhone.Build.0 = Debug|Any CPU
		{860604D7-63EA-4F57-815B-57DF4830F212}.Debug|iPhoneSimulator.ActiveCfg = Debug|Any CPU
		{860604D7-63EA-4F57-815B-57DF4830F212}.Debug|iPhoneSimulator.Build.0 = Debug|Any CPU
		{860604D7-63EA-4F57-815B-57DF4830F212}.Debug|x64.ActiveCfg = Debug|Any CPU
		{860604D7-63EA-4F57-815B-57DF4830F212}.Debug|x64.Build.0 = Debug|Any CPU
		{860604D7-63EA-4F57-815B-57DF4830F212}.Debug|x86.ActiveCfg = Debug|Any CPU
		{860604D7-63EA-4F57-815B-57DF4830F212}.Debug|x86.Build.0 = Debug|Any CPU
		{860604D7-63EA-4F57-815B-57DF4830F212}.Release|Any CPU.ActiveCfg = Release|Any CPU
		{860604D7-63EA-4F57-815B-57DF4830F212}.Release|Any CPU.Build.0 = Release|Any CPU
		{860604D7-63EA-4F57-815B-57DF4830F212}.Release|ARM.ActiveCfg = Release|Any CPU
		{860604D7-63EA-4F57-815B-57DF4830F212}.Release|ARM.Build.0 = Release|Any CPU
		{860604D7-63EA-4F57-815B-57DF4830F212}.Release|iPhone.ActiveCfg = Release|Any CPU
		{860604D7-63EA-4F57-815B-57DF4830F212}.Release|iPhone.Build.0 = Release|Any CPU
		{860604D7-63EA-4F57-815B-57DF4830F212}.Release|iPhoneSimulator.ActiveCfg = Release|Any CPU
		{860604D7-63EA-4F57-815B-57DF4830F212}.Release|iPhoneSimulator.Build.0 = Release|Any CPU
		{860604D7-63EA-4F57-815B-57DF4830F212}.Release|x64.ActiveCfg = Release|Any CPU
		{860604D7-63EA-4F57-815B-57DF4830F212}.Release|x64.Build.0 = Release|Any CPU
		{860604D7-63EA-4F57-815B-57DF4830F212}.Release|x86.ActiveCfg = Release|Any CPU
		{860604D7-63EA-4F57-815B-57DF4830F212}.Release|x86.Build.0 = Release|Any CPU
		{770FE444-6CC3-44D0-950E-EAF6B7CF7382}.Ad-Hoc|Any CPU.ActiveCfg = Release|Any CPU
		{770FE444-6CC3-44D0-950E-EAF6B7CF7382}.Ad-Hoc|Any CPU.Build.0 = Release|Any CPU
		{770FE444-6CC3-44D0-950E-EAF6B7CF7382}.Ad-Hoc|ARM.ActiveCfg = Release|Any CPU
		{770FE444-6CC3-44D0-950E-EAF6B7CF7382}.Ad-Hoc|ARM.Build.0 = Release|Any CPU
		{770FE444-6CC3-44D0-950E-EAF6B7CF7382}.Ad-Hoc|iPhone.ActiveCfg = Release|Any CPU
		{770FE444-6CC3-44D0-950E-EAF6B7CF7382}.Ad-Hoc|iPhone.Build.0 = Release|Any CPU
		{770FE444-6CC3-44D0-950E-EAF6B7CF7382}.Ad-Hoc|iPhoneSimulator.ActiveCfg = Release|Any CPU
		{770FE444-6CC3-44D0-950E-EAF6B7CF7382}.Ad-Hoc|iPhoneSimulator.Build.0 = Release|Any CPU
		{770FE444-6CC3-44D0-950E-EAF6B7CF7382}.Ad-Hoc|x64.ActiveCfg = Release|Any CPU
		{770FE444-6CC3-44D0-950E-EAF6B7CF7382}.Ad-Hoc|x64.Build.0 = Release|Any CPU
		{770FE444-6CC3-44D0-950E-EAF6B7CF7382}.Ad-Hoc|x86.ActiveCfg = Release|Any CPU
		{770FE444-6CC3-44D0-950E-EAF6B7CF7382}.Ad-Hoc|x86.Build.0 = Release|Any CPU
		{770FE444-6CC3-44D0-950E-EAF6B7CF7382}.AppStore|Any CPU.ActiveCfg = Release|Any CPU
		{770FE444-6CC3-44D0-950E-EAF6B7CF7382}.AppStore|Any CPU.Build.0 = Release|Any CPU
		{770FE444-6CC3-44D0-950E-EAF6B7CF7382}.AppStore|ARM.ActiveCfg = Release|Any CPU
		{770FE444-6CC3-44D0-950E-EAF6B7CF7382}.AppStore|ARM.Build.0 = Release|Any CPU
		{770FE444-6CC3-44D0-950E-EAF6B7CF7382}.AppStore|iPhone.ActiveCfg = Release|Any CPU
		{770FE444-6CC3-44D0-950E-EAF6B7CF7382}.AppStore|iPhone.Build.0 = Release|Any CPU
		{770FE444-6CC3-44D0-950E-EAF6B7CF7382}.AppStore|iPhoneSimulator.ActiveCfg = Release|Any CPU
		{770FE444-6CC3-44D0-950E-EAF6B7CF7382}.AppStore|iPhoneSimulator.Build.0 = Release|Any CPU
		{770FE444-6CC3-44D0-950E-EAF6B7CF7382}.AppStore|x64.ActiveCfg = Release|Any CPU
		{770FE444-6CC3-44D0-950E-EAF6B7CF7382}.AppStore|x64.Build.0 = Release|Any CPU
		{770FE444-6CC3-44D0-950E-EAF6B7CF7382}.AppStore|x86.ActiveCfg = Release|Any CPU
		{770FE444-6CC3-44D0-950E-EAF6B7CF7382}.AppStore|x86.Build.0 = Release|Any CPU
		{770FE444-6CC3-44D0-950E-EAF6B7CF7382}.Debug|Any CPU.ActiveCfg = Debug|Any CPU
		{770FE444-6CC3-44D0-950E-EAF6B7CF7382}.Debug|Any CPU.Build.0 = Debug|Any CPU
		{770FE444-6CC3-44D0-950E-EAF6B7CF7382}.Debug|ARM.ActiveCfg = Debug|Any CPU
		{770FE444-6CC3-44D0-950E-EAF6B7CF7382}.Debug|ARM.Build.0 = Debug|Any CPU
		{770FE444-6CC3-44D0-950E-EAF6B7CF7382}.Debug|iPhone.ActiveCfg = Debug|Any CPU
		{770FE444-6CC3-44D0-950E-EAF6B7CF7382}.Debug|iPhone.Build.0 = Debug|Any CPU
		{770FE444-6CC3-44D0-950E-EAF6B7CF7382}.Debug|iPhoneSimulator.ActiveCfg = Debug|Any CPU
		{770FE444-6CC3-44D0-950E-EAF6B7CF7382}.Debug|iPhoneSimulator.Build.0 = Debug|Any CPU
		{770FE444-6CC3-44D0-950E-EAF6B7CF7382}.Debug|x64.ActiveCfg = Debug|Any CPU
		{770FE444-6CC3-44D0-950E-EAF6B7CF7382}.Debug|x64.Build.0 = Debug|Any CPU
		{770FE444-6CC3-44D0-950E-EAF6B7CF7382}.Debug|x86.ActiveCfg = Debug|Any CPU
		{770FE444-6CC3-44D0-950E-EAF6B7CF7382}.Debug|x86.Build.0 = Debug|Any CPU
		{770FE444-6CC3-44D0-950E-EAF6B7CF7382}.Release|Any CPU.ActiveCfg = Release|Any CPU
		{770FE444-6CC3-44D0-950E-EAF6B7CF7382}.Release|Any CPU.Build.0 = Release|Any CPU
		{770FE444-6CC3-44D0-950E-EAF6B7CF7382}.Release|ARM.ActiveCfg = Release|Any CPU
		{770FE444-6CC3-44D0-950E-EAF6B7CF7382}.Release|ARM.Build.0 = Release|Any CPU
		{770FE444-6CC3-44D0-950E-EAF6B7CF7382}.Release|iPhone.ActiveCfg = Release|Any CPU
		{770FE444-6CC3-44D0-950E-EAF6B7CF7382}.Release|iPhone.Build.0 = Release|Any CPU
		{770FE444-6CC3-44D0-950E-EAF6B7CF7382}.Release|iPhoneSimulator.ActiveCfg = Release|Any CPU
		{770FE444-6CC3-44D0-950E-EAF6B7CF7382}.Release|iPhoneSimulator.Build.0 = Release|Any CPU
		{770FE444-6CC3-44D0-950E-EAF6B7CF7382}.Release|x64.ActiveCfg = Release|Any CPU
		{770FE444-6CC3-44D0-950E-EAF6B7CF7382}.Release|x64.Build.0 = Release|Any CPU
		{770FE444-6CC3-44D0-950E-EAF6B7CF7382}.Release|x86.ActiveCfg = Release|Any CPU
		{770FE444-6CC3-44D0-950E-EAF6B7CF7382}.Release|x86.Build.0 = Release|Any CPU
		{DE2428C7-5F47-4541-9727-B3AACB14DCD6}.Ad-Hoc|Any CPU.ActiveCfg = Release|Any CPU
		{DE2428C7-5F47-4541-9727-B3AACB14DCD6}.Ad-Hoc|Any CPU.Build.0 = Release|Any CPU
		{DE2428C7-5F47-4541-9727-B3AACB14DCD6}.Ad-Hoc|ARM.ActiveCfg = Release|Any CPU
		{DE2428C7-5F47-4541-9727-B3AACB14DCD6}.Ad-Hoc|ARM.Build.0 = Release|Any CPU
		{DE2428C7-5F47-4541-9727-B3AACB14DCD6}.Ad-Hoc|iPhone.ActiveCfg = Release|Any CPU
		{DE2428C7-5F47-4541-9727-B3AACB14DCD6}.Ad-Hoc|iPhone.Build.0 = Release|Any CPU
		{DE2428C7-5F47-4541-9727-B3AACB14DCD6}.Ad-Hoc|iPhoneSimulator.ActiveCfg = Release|Any CPU
		{DE2428C7-5F47-4541-9727-B3AACB14DCD6}.Ad-Hoc|iPhoneSimulator.Build.0 = Release|Any CPU
		{DE2428C7-5F47-4541-9727-B3AACB14DCD6}.Ad-Hoc|x64.ActiveCfg = Release|Any CPU
		{DE2428C7-5F47-4541-9727-B3AACB14DCD6}.Ad-Hoc|x64.Build.0 = Release|Any CPU
		{DE2428C7-5F47-4541-9727-B3AACB14DCD6}.Ad-Hoc|x86.ActiveCfg = Release|Any CPU
		{DE2428C7-5F47-4541-9727-B3AACB14DCD6}.Ad-Hoc|x86.Build.0 = Release|Any CPU
		{DE2428C7-5F47-4541-9727-B3AACB14DCD6}.AppStore|Any CPU.ActiveCfg = Release|Any CPU
		{DE2428C7-5F47-4541-9727-B3AACB14DCD6}.AppStore|Any CPU.Build.0 = Release|Any CPU
		{DE2428C7-5F47-4541-9727-B3AACB14DCD6}.AppStore|ARM.ActiveCfg = Release|Any CPU
		{DE2428C7-5F47-4541-9727-B3AACB14DCD6}.AppStore|ARM.Build.0 = Release|Any CPU
		{DE2428C7-5F47-4541-9727-B3AACB14DCD6}.AppStore|iPhone.ActiveCfg = Release|Any CPU
		{DE2428C7-5F47-4541-9727-B3AACB14DCD6}.AppStore|iPhone.Build.0 = Release|Any CPU
		{DE2428C7-5F47-4541-9727-B3AACB14DCD6}.AppStore|iPhoneSimulator.ActiveCfg = Release|Any CPU
		{DE2428C7-5F47-4541-9727-B3AACB14DCD6}.AppStore|iPhoneSimulator.Build.0 = Release|Any CPU
		{DE2428C7-5F47-4541-9727-B3AACB14DCD6}.AppStore|x64.ActiveCfg = Release|Any CPU
		{DE2428C7-5F47-4541-9727-B3AACB14DCD6}.AppStore|x64.Build.0 = Release|Any CPU
		{DE2428C7-5F47-4541-9727-B3AACB14DCD6}.AppStore|x86.ActiveCfg = Release|Any CPU
		{DE2428C7-5F47-4541-9727-B3AACB14DCD6}.AppStore|x86.Build.0 = Release|Any CPU
		{DE2428C7-5F47-4541-9727-B3AACB14DCD6}.Debug|Any CPU.ActiveCfg = Debug|Any CPU
		{DE2428C7-5F47-4541-9727-B3AACB14DCD6}.Debug|Any CPU.Build.0 = Debug|Any CPU
		{DE2428C7-5F47-4541-9727-B3AACB14DCD6}.Debug|ARM.ActiveCfg = Debug|Any CPU
		{DE2428C7-5F47-4541-9727-B3AACB14DCD6}.Debug|ARM.Build.0 = Debug|Any CPU
		{DE2428C7-5F47-4541-9727-B3AACB14DCD6}.Debug|iPhone.ActiveCfg = Debug|Any CPU
		{DE2428C7-5F47-4541-9727-B3AACB14DCD6}.Debug|iPhone.Build.0 = Debug|Any CPU
		{DE2428C7-5F47-4541-9727-B3AACB14DCD6}.Debug|iPhoneSimulator.ActiveCfg = Debug|Any CPU
		{DE2428C7-5F47-4541-9727-B3AACB14DCD6}.Debug|iPhoneSimulator.Build.0 = Debug|Any CPU
		{DE2428C7-5F47-4541-9727-B3AACB14DCD6}.Debug|x64.ActiveCfg = Debug|Any CPU
		{DE2428C7-5F47-4541-9727-B3AACB14DCD6}.Debug|x64.Build.0 = Debug|Any CPU
		{DE2428C7-5F47-4541-9727-B3AACB14DCD6}.Debug|x86.ActiveCfg = Debug|Any CPU
		{DE2428C7-5F47-4541-9727-B3AACB14DCD6}.Debug|x86.Build.0 = Debug|Any CPU
		{DE2428C7-5F47-4541-9727-B3AACB14DCD6}.Release|Any CPU.ActiveCfg = Release|Any CPU
		{DE2428C7-5F47-4541-9727-B3AACB14DCD6}.Release|Any CPU.Build.0 = Release|Any CPU
		{DE2428C7-5F47-4541-9727-B3AACB14DCD6}.Release|ARM.ActiveCfg = Release|Any CPU
		{DE2428C7-5F47-4541-9727-B3AACB14DCD6}.Release|ARM.Build.0 = Release|Any CPU
		{DE2428C7-5F47-4541-9727-B3AACB14DCD6}.Release|iPhone.ActiveCfg = Release|Any CPU
		{DE2428C7-5F47-4541-9727-B3AACB14DCD6}.Release|iPhone.Build.0 = Release|Any CPU
		{DE2428C7-5F47-4541-9727-B3AACB14DCD6}.Release|iPhoneSimulator.ActiveCfg = Release|Any CPU
		{DE2428C7-5F47-4541-9727-B3AACB14DCD6}.Release|iPhoneSimulator.Build.0 = Release|Any CPU
		{DE2428C7-5F47-4541-9727-B3AACB14DCD6}.Release|x64.ActiveCfg = Release|Any CPU
		{DE2428C7-5F47-4541-9727-B3AACB14DCD6}.Release|x64.Build.0 = Release|Any CPU
		{DE2428C7-5F47-4541-9727-B3AACB14DCD6}.Release|x86.ActiveCfg = Release|Any CPU
		{DE2428C7-5F47-4541-9727-B3AACB14DCD6}.Release|x86.Build.0 = Release|Any CPU
		{D210B888-D588-4231-9DDB-CB01F57D35C5}.Ad-Hoc|Any CPU.ActiveCfg = Release|Any CPU
		{D210B888-D588-4231-9DDB-CB01F57D35C5}.Ad-Hoc|Any CPU.Build.0 = Release|Any CPU
		{D210B888-D588-4231-9DDB-CB01F57D35C5}.Ad-Hoc|ARM.ActiveCfg = Release|Any CPU
		{D210B888-D588-4231-9DDB-CB01F57D35C5}.Ad-Hoc|ARM.Build.0 = Release|Any CPU
		{D210B888-D588-4231-9DDB-CB01F57D35C5}.Ad-Hoc|iPhone.ActiveCfg = Release|Any CPU
		{D210B888-D588-4231-9DDB-CB01F57D35C5}.Ad-Hoc|iPhone.Build.0 = Release|Any CPU
		{D210B888-D588-4231-9DDB-CB01F57D35C5}.Ad-Hoc|iPhoneSimulator.ActiveCfg = Release|Any CPU
		{D210B888-D588-4231-9DDB-CB01F57D35C5}.Ad-Hoc|iPhoneSimulator.Build.0 = Release|Any CPU
		{D210B888-D588-4231-9DDB-CB01F57D35C5}.Ad-Hoc|x64.ActiveCfg = Release|Any CPU
		{D210B888-D588-4231-9DDB-CB01F57D35C5}.Ad-Hoc|x64.Build.0 = Release|Any CPU
		{D210B888-D588-4231-9DDB-CB01F57D35C5}.Ad-Hoc|x86.ActiveCfg = Release|Any CPU
		{D210B888-D588-4231-9DDB-CB01F57D35C5}.Ad-Hoc|x86.Build.0 = Release|Any CPU
		{D210B888-D588-4231-9DDB-CB01F57D35C5}.AppStore|Any CPU.ActiveCfg = Release|Any CPU
		{D210B888-D588-4231-9DDB-CB01F57D35C5}.AppStore|Any CPU.Build.0 = Release|Any CPU
		{D210B888-D588-4231-9DDB-CB01F57D35C5}.AppStore|ARM.ActiveCfg = Release|Any CPU
		{D210B888-D588-4231-9DDB-CB01F57D35C5}.AppStore|ARM.Build.0 = Release|Any CPU
		{D210B888-D588-4231-9DDB-CB01F57D35C5}.AppStore|iPhone.ActiveCfg = Release|Any CPU
		{D210B888-D588-4231-9DDB-CB01F57D35C5}.AppStore|iPhone.Build.0 = Release|Any CPU
		{D210B888-D588-4231-9DDB-CB01F57D35C5}.AppStore|iPhoneSimulator.ActiveCfg = Release|Any CPU
		{D210B888-D588-4231-9DDB-CB01F57D35C5}.AppStore|iPhoneSimulator.Build.0 = Release|Any CPU
		{D210B888-D588-4231-9DDB-CB01F57D35C5}.AppStore|x64.ActiveCfg = Release|Any CPU
		{D210B888-D588-4231-9DDB-CB01F57D35C5}.AppStore|x64.Build.0 = Release|Any CPU
		{D210B888-D588-4231-9DDB-CB01F57D35C5}.AppStore|x86.ActiveCfg = Release|Any CPU
		{D210B888-D588-4231-9DDB-CB01F57D35C5}.AppStore|x86.Build.0 = Release|Any CPU
		{D210B888-D588-4231-9DDB-CB01F57D35C5}.Debug|Any CPU.ActiveCfg = Debug|Any CPU
		{D210B888-D588-4231-9DDB-CB01F57D35C5}.Debug|Any CPU.Build.0 = Debug|Any CPU
		{D210B888-D588-4231-9DDB-CB01F57D35C5}.Debug|ARM.ActiveCfg = Debug|Any CPU
		{D210B888-D588-4231-9DDB-CB01F57D35C5}.Debug|ARM.Build.0 = Debug|Any CPU
		{D210B888-D588-4231-9DDB-CB01F57D35C5}.Debug|iPhone.ActiveCfg = Debug|Any CPU
		{D210B888-D588-4231-9DDB-CB01F57D35C5}.Debug|iPhone.Build.0 = Debug|Any CPU
		{D210B888-D588-4231-9DDB-CB01F57D35C5}.Debug|iPhoneSimulator.ActiveCfg = Debug|Any CPU
		{D210B888-D588-4231-9DDB-CB01F57D35C5}.Debug|iPhoneSimulator.Build.0 = Debug|Any CPU
		{D210B888-D588-4231-9DDB-CB01F57D35C5}.Debug|x64.ActiveCfg = Debug|Any CPU
		{D210B888-D588-4231-9DDB-CB01F57D35C5}.Debug|x64.Build.0 = Debug|Any CPU
		{D210B888-D588-4231-9DDB-CB01F57D35C5}.Debug|x86.ActiveCfg = Debug|Any CPU
		{D210B888-D588-4231-9DDB-CB01F57D35C5}.Debug|x86.Build.0 = Debug|Any CPU
		{D210B888-D588-4231-9DDB-CB01F57D35C5}.Release|Any CPU.ActiveCfg = Release|Any CPU
		{D210B888-D588-4231-9DDB-CB01F57D35C5}.Release|Any CPU.Build.0 = Release|Any CPU
		{D210B888-D588-4231-9DDB-CB01F57D35C5}.Release|ARM.ActiveCfg = Release|Any CPU
		{D210B888-D588-4231-9DDB-CB01F57D35C5}.Release|ARM.Build.0 = Release|Any CPU
		{D210B888-D588-4231-9DDB-CB01F57D35C5}.Release|iPhone.ActiveCfg = Release|Any CPU
		{D210B888-D588-4231-9DDB-CB01F57D35C5}.Release|iPhone.Build.0 = Release|Any CPU
		{D210B888-D588-4231-9DDB-CB01F57D35C5}.Release|iPhoneSimulator.ActiveCfg = Release|Any CPU
		{D210B888-D588-4231-9DDB-CB01F57D35C5}.Release|iPhoneSimulator.Build.0 = Release|Any CPU
		{D210B888-D588-4231-9DDB-CB01F57D35C5}.Release|x64.ActiveCfg = Release|Any CPU
		{D210B888-D588-4231-9DDB-CB01F57D35C5}.Release|x64.Build.0 = Release|Any CPU
		{D210B888-D588-4231-9DDB-CB01F57D35C5}.Release|x86.ActiveCfg = Release|Any CPU
		{D210B888-D588-4231-9DDB-CB01F57D35C5}.Release|x86.Build.0 = Release|Any CPU
		{184306A0-CD59-46A7-AFE9-301335949328}.Ad-Hoc|Any CPU.ActiveCfg = Release|Any CPU
		{184306A0-CD59-46A7-AFE9-301335949328}.Ad-Hoc|Any CPU.Build.0 = Release|Any CPU
		{184306A0-CD59-46A7-AFE9-301335949328}.Ad-Hoc|ARM.ActiveCfg = Release|Any CPU
		{184306A0-CD59-46A7-AFE9-301335949328}.Ad-Hoc|ARM.Build.0 = Release|Any CPU
		{184306A0-CD59-46A7-AFE9-301335949328}.Ad-Hoc|iPhone.ActiveCfg = Release|Any CPU
		{184306A0-CD59-46A7-AFE9-301335949328}.Ad-Hoc|iPhone.Build.0 = Release|Any CPU
		{184306A0-CD59-46A7-AFE9-301335949328}.Ad-Hoc|iPhoneSimulator.ActiveCfg = Release|Any CPU
		{184306A0-CD59-46A7-AFE9-301335949328}.Ad-Hoc|iPhoneSimulator.Build.0 = Release|Any CPU
		{184306A0-CD59-46A7-AFE9-301335949328}.Ad-Hoc|x64.ActiveCfg = Release|Any CPU
		{184306A0-CD59-46A7-AFE9-301335949328}.Ad-Hoc|x64.Build.0 = Release|Any CPU
		{184306A0-CD59-46A7-AFE9-301335949328}.Ad-Hoc|x86.ActiveCfg = Release|Any CPU
		{184306A0-CD59-46A7-AFE9-301335949328}.Ad-Hoc|x86.Build.0 = Release|Any CPU
		{184306A0-CD59-46A7-AFE9-301335949328}.AppStore|Any CPU.ActiveCfg = Release|Any CPU
		{184306A0-CD59-46A7-AFE9-301335949328}.AppStore|Any CPU.Build.0 = Release|Any CPU
		{184306A0-CD59-46A7-AFE9-301335949328}.AppStore|ARM.ActiveCfg = Release|Any CPU
		{184306A0-CD59-46A7-AFE9-301335949328}.AppStore|ARM.Build.0 = Release|Any CPU
		{184306A0-CD59-46A7-AFE9-301335949328}.AppStore|iPhone.ActiveCfg = Release|Any CPU
		{184306A0-CD59-46A7-AFE9-301335949328}.AppStore|iPhone.Build.0 = Release|Any CPU
		{184306A0-CD59-46A7-AFE9-301335949328}.AppStore|iPhoneSimulator.ActiveCfg = Release|Any CPU
		{184306A0-CD59-46A7-AFE9-301335949328}.AppStore|iPhoneSimulator.Build.0 = Release|Any CPU
		{184306A0-CD59-46A7-AFE9-301335949328}.AppStore|x64.ActiveCfg = Release|Any CPU
		{184306A0-CD59-46A7-AFE9-301335949328}.AppStore|x64.Build.0 = Release|Any CPU
		{184306A0-CD59-46A7-AFE9-301335949328}.AppStore|x86.ActiveCfg = Release|Any CPU
		{184306A0-CD59-46A7-AFE9-301335949328}.AppStore|x86.Build.0 = Release|Any CPU
		{184306A0-CD59-46A7-AFE9-301335949328}.Debug|Any CPU.ActiveCfg = Debug|Any CPU
		{184306A0-CD59-46A7-AFE9-301335949328}.Debug|Any CPU.Build.0 = Debug|Any CPU
		{184306A0-CD59-46A7-AFE9-301335949328}.Debug|ARM.ActiveCfg = Debug|Any CPU
		{184306A0-CD59-46A7-AFE9-301335949328}.Debug|ARM.Build.0 = Debug|Any CPU
		{184306A0-CD59-46A7-AFE9-301335949328}.Debug|iPhone.ActiveCfg = Debug|Any CPU
		{184306A0-CD59-46A7-AFE9-301335949328}.Debug|iPhone.Build.0 = Debug|Any CPU
		{184306A0-CD59-46A7-AFE9-301335949328}.Debug|iPhoneSimulator.ActiveCfg = Debug|Any CPU
		{184306A0-CD59-46A7-AFE9-301335949328}.Debug|iPhoneSimulator.Build.0 = Debug|Any CPU
		{184306A0-CD59-46A7-AFE9-301335949328}.Debug|x64.ActiveCfg = Debug|Any CPU
		{184306A0-CD59-46A7-AFE9-301335949328}.Debug|x64.Build.0 = Debug|Any CPU
		{184306A0-CD59-46A7-AFE9-301335949328}.Debug|x86.ActiveCfg = Debug|Any CPU
		{184306A0-CD59-46A7-AFE9-301335949328}.Debug|x86.Build.0 = Debug|Any CPU
		{184306A0-CD59-46A7-AFE9-301335949328}.Release|Any CPU.ActiveCfg = Release|Any CPU
		{184306A0-CD59-46A7-AFE9-301335949328}.Release|Any CPU.Build.0 = Release|Any CPU
		{184306A0-CD59-46A7-AFE9-301335949328}.Release|ARM.ActiveCfg = Release|Any CPU
		{184306A0-CD59-46A7-AFE9-301335949328}.Release|ARM.Build.0 = Release|Any CPU
		{184306A0-CD59-46A7-AFE9-301335949328}.Release|iPhone.ActiveCfg = Release|Any CPU
		{184306A0-CD59-46A7-AFE9-301335949328}.Release|iPhone.Build.0 = Release|Any CPU
		{184306A0-CD59-46A7-AFE9-301335949328}.Release|iPhoneSimulator.ActiveCfg = Release|Any CPU
		{184306A0-CD59-46A7-AFE9-301335949328}.Release|iPhoneSimulator.Build.0 = Release|Any CPU
		{184306A0-CD59-46A7-AFE9-301335949328}.Release|x64.ActiveCfg = Release|Any CPU
		{184306A0-CD59-46A7-AFE9-301335949328}.Release|x64.Build.0 = Release|Any CPU
		{184306A0-CD59-46A7-AFE9-301335949328}.Release|x86.ActiveCfg = Release|Any CPU
		{184306A0-CD59-46A7-AFE9-301335949328}.Release|x86.Build.0 = Release|Any CPU
		{6D2327E0-5303-452B-BA08-342731ED6DF9}.Ad-Hoc|Any CPU.ActiveCfg = Release|Any CPU
		{6D2327E0-5303-452B-BA08-342731ED6DF9}.Ad-Hoc|Any CPU.Build.0 = Release|Any CPU
		{6D2327E0-5303-452B-BA08-342731ED6DF9}.Ad-Hoc|ARM.ActiveCfg = Release|Any CPU
		{6D2327E0-5303-452B-BA08-342731ED6DF9}.Ad-Hoc|ARM.Build.0 = Release|Any CPU
		{6D2327E0-5303-452B-BA08-342731ED6DF9}.Ad-Hoc|iPhone.ActiveCfg = Release|Any CPU
		{6D2327E0-5303-452B-BA08-342731ED6DF9}.Ad-Hoc|iPhone.Build.0 = Release|Any CPU
		{6D2327E0-5303-452B-BA08-342731ED6DF9}.Ad-Hoc|iPhoneSimulator.ActiveCfg = Release|Any CPU
		{6D2327E0-5303-452B-BA08-342731ED6DF9}.Ad-Hoc|iPhoneSimulator.Build.0 = Release|Any CPU
		{6D2327E0-5303-452B-BA08-342731ED6DF9}.Ad-Hoc|x64.ActiveCfg = Release|Any CPU
		{6D2327E0-5303-452B-BA08-342731ED6DF9}.Ad-Hoc|x64.Build.0 = Release|Any CPU
		{6D2327E0-5303-452B-BA08-342731ED6DF9}.Ad-Hoc|x86.ActiveCfg = Release|Any CPU
		{6D2327E0-5303-452B-BA08-342731ED6DF9}.Ad-Hoc|x86.Build.0 = Release|Any CPU
		{6D2327E0-5303-452B-BA08-342731ED6DF9}.AppStore|Any CPU.ActiveCfg = Release|Any CPU
		{6D2327E0-5303-452B-BA08-342731ED6DF9}.AppStore|Any CPU.Build.0 = Release|Any CPU
		{6D2327E0-5303-452B-BA08-342731ED6DF9}.AppStore|ARM.ActiveCfg = Release|Any CPU
		{6D2327E0-5303-452B-BA08-342731ED6DF9}.AppStore|ARM.Build.0 = Release|Any CPU
		{6D2327E0-5303-452B-BA08-342731ED6DF9}.AppStore|iPhone.ActiveCfg = Release|Any CPU
		{6D2327E0-5303-452B-BA08-342731ED6DF9}.AppStore|iPhone.Build.0 = Release|Any CPU
		{6D2327E0-5303-452B-BA08-342731ED6DF9}.AppStore|iPhoneSimulator.ActiveCfg = Release|Any CPU
		{6D2327E0-5303-452B-BA08-342731ED6DF9}.AppStore|iPhoneSimulator.Build.0 = Release|Any CPU
		{6D2327E0-5303-452B-BA08-342731ED6DF9}.AppStore|x64.ActiveCfg = Release|Any CPU
		{6D2327E0-5303-452B-BA08-342731ED6DF9}.AppStore|x64.Build.0 = Release|Any CPU
		{6D2327E0-5303-452B-BA08-342731ED6DF9}.AppStore|x86.ActiveCfg = Release|Any CPU
		{6D2327E0-5303-452B-BA08-342731ED6DF9}.AppStore|x86.Build.0 = Release|Any CPU
		{6D2327E0-5303-452B-BA08-342731ED6DF9}.Debug|Any CPU.ActiveCfg = Debug|Any CPU
		{6D2327E0-5303-452B-BA08-342731ED6DF9}.Debug|Any CPU.Build.0 = Debug|Any CPU
		{6D2327E0-5303-452B-BA08-342731ED6DF9}.Debug|ARM.ActiveCfg = Debug|Any CPU
		{6D2327E0-5303-452B-BA08-342731ED6DF9}.Debug|ARM.Build.0 = Debug|Any CPU
		{6D2327E0-5303-452B-BA08-342731ED6DF9}.Debug|iPhone.ActiveCfg = Debug|Any CPU
		{6D2327E0-5303-452B-BA08-342731ED6DF9}.Debug|iPhone.Build.0 = Debug|Any CPU
		{6D2327E0-5303-452B-BA08-342731ED6DF9}.Debug|iPhoneSimulator.ActiveCfg = Debug|Any CPU
		{6D2327E0-5303-452B-BA08-342731ED6DF9}.Debug|iPhoneSimulator.Build.0 = Debug|Any CPU
		{6D2327E0-5303-452B-BA08-342731ED6DF9}.Debug|x64.ActiveCfg = Debug|Any CPU
		{6D2327E0-5303-452B-BA08-342731ED6DF9}.Debug|x64.Build.0 = Debug|Any CPU
		{6D2327E0-5303-452B-BA08-342731ED6DF9}.Debug|x86.ActiveCfg = Debug|Any CPU
		{6D2327E0-5303-452B-BA08-342731ED6DF9}.Debug|x86.Build.0 = Debug|Any CPU
		{6D2327E0-5303-452B-BA08-342731ED6DF9}.Release|Any CPU.ActiveCfg = Release|Any CPU
		{6D2327E0-5303-452B-BA08-342731ED6DF9}.Release|Any CPU.Build.0 = Release|Any CPU
		{6D2327E0-5303-452B-BA08-342731ED6DF9}.Release|ARM.ActiveCfg = Release|Any CPU
		{6D2327E0-5303-452B-BA08-342731ED6DF9}.Release|ARM.Build.0 = Release|Any CPU
		{6D2327E0-5303-452B-BA08-342731ED6DF9}.Release|iPhone.ActiveCfg = Release|Any CPU
		{6D2327E0-5303-452B-BA08-342731ED6DF9}.Release|iPhone.Build.0 = Release|Any CPU
		{6D2327E0-5303-452B-BA08-342731ED6DF9}.Release|iPhoneSimulator.ActiveCfg = Release|Any CPU
		{6D2327E0-5303-452B-BA08-342731ED6DF9}.Release|iPhoneSimulator.Build.0 = Release|Any CPU
		{6D2327E0-5303-452B-BA08-342731ED6DF9}.Release|x64.ActiveCfg = Release|Any CPU
		{6D2327E0-5303-452B-BA08-342731ED6DF9}.Release|x64.Build.0 = Release|Any CPU
		{6D2327E0-5303-452B-BA08-342731ED6DF9}.Release|x86.ActiveCfg = Release|Any CPU
		{6D2327E0-5303-452B-BA08-342731ED6DF9}.Release|x86.Build.0 = Release|Any CPU
		{DB57F504-84B3-43B2-9558-4922D5A87E3E}.Ad-Hoc|Any CPU.ActiveCfg = Release|Any CPU
		{DB57F504-84B3-43B2-9558-4922D5A87E3E}.Ad-Hoc|Any CPU.Build.0 = Release|Any CPU
		{DB57F504-84B3-43B2-9558-4922D5A87E3E}.Ad-Hoc|ARM.ActiveCfg = Release|Any CPU
		{DB57F504-84B3-43B2-9558-4922D5A87E3E}.Ad-Hoc|ARM.Build.0 = Release|Any CPU
		{DB57F504-84B3-43B2-9558-4922D5A87E3E}.Ad-Hoc|iPhone.ActiveCfg = Release|Any CPU
		{DB57F504-84B3-43B2-9558-4922D5A87E3E}.Ad-Hoc|iPhone.Build.0 = Release|Any CPU
		{DB57F504-84B3-43B2-9558-4922D5A87E3E}.Ad-Hoc|iPhoneSimulator.ActiveCfg = Release|Any CPU
		{DB57F504-84B3-43B2-9558-4922D5A87E3E}.Ad-Hoc|iPhoneSimulator.Build.0 = Release|Any CPU
		{DB57F504-84B3-43B2-9558-4922D5A87E3E}.Ad-Hoc|x64.ActiveCfg = Release|Any CPU
		{DB57F504-84B3-43B2-9558-4922D5A87E3E}.Ad-Hoc|x64.Build.0 = Release|Any CPU
		{DB57F504-84B3-43B2-9558-4922D5A87E3E}.Ad-Hoc|x86.ActiveCfg = Release|Any CPU
		{DB57F504-84B3-43B2-9558-4922D5A87E3E}.Ad-Hoc|x86.Build.0 = Release|Any CPU
		{DB57F504-84B3-43B2-9558-4922D5A87E3E}.AppStore|Any CPU.ActiveCfg = Release|Any CPU
		{DB57F504-84B3-43B2-9558-4922D5A87E3E}.AppStore|Any CPU.Build.0 = Release|Any CPU
		{DB57F504-84B3-43B2-9558-4922D5A87E3E}.AppStore|ARM.ActiveCfg = Release|Any CPU
		{DB57F504-84B3-43B2-9558-4922D5A87E3E}.AppStore|ARM.Build.0 = Release|Any CPU
		{DB57F504-84B3-43B2-9558-4922D5A87E3E}.AppStore|iPhone.ActiveCfg = Release|Any CPU
		{DB57F504-84B3-43B2-9558-4922D5A87E3E}.AppStore|iPhone.Build.0 = Release|Any CPU
		{DB57F504-84B3-43B2-9558-4922D5A87E3E}.AppStore|iPhoneSimulator.ActiveCfg = Release|Any CPU
		{DB57F504-84B3-43B2-9558-4922D5A87E3E}.AppStore|iPhoneSimulator.Build.0 = Release|Any CPU
		{DB57F504-84B3-43B2-9558-4922D5A87E3E}.AppStore|x64.ActiveCfg = Release|Any CPU
		{DB57F504-84B3-43B2-9558-4922D5A87E3E}.AppStore|x64.Build.0 = Release|Any CPU
		{DB57F504-84B3-43B2-9558-4922D5A87E3E}.AppStore|x86.ActiveCfg = Release|Any CPU
		{DB57F504-84B3-43B2-9558-4922D5A87E3E}.AppStore|x86.Build.0 = Release|Any CPU
		{DB57F504-84B3-43B2-9558-4922D5A87E3E}.Debug|Any CPU.ActiveCfg = Debug|Any CPU
		{DB57F504-84B3-43B2-9558-4922D5A87E3E}.Debug|Any CPU.Build.0 = Debug|Any CPU
		{DB57F504-84B3-43B2-9558-4922D5A87E3E}.Debug|ARM.ActiveCfg = Debug|Any CPU
		{DB57F504-84B3-43B2-9558-4922D5A87E3E}.Debug|ARM.Build.0 = Debug|Any CPU
		{DB57F504-84B3-43B2-9558-4922D5A87E3E}.Debug|iPhone.ActiveCfg = Debug|Any CPU
		{DB57F504-84B3-43B2-9558-4922D5A87E3E}.Debug|iPhone.Build.0 = Debug|Any CPU
		{DB57F504-84B3-43B2-9558-4922D5A87E3E}.Debug|iPhoneSimulator.ActiveCfg = Debug|Any CPU
		{DB57F504-84B3-43B2-9558-4922D5A87E3E}.Debug|iPhoneSimulator.Build.0 = Debug|Any CPU
		{DB57F504-84B3-43B2-9558-4922D5A87E3E}.Debug|x64.ActiveCfg = Debug|Any CPU
		{DB57F504-84B3-43B2-9558-4922D5A87E3E}.Debug|x64.Build.0 = Debug|Any CPU
		{DB57F504-84B3-43B2-9558-4922D5A87E3E}.Debug|x86.ActiveCfg = Debug|Any CPU
		{DB57F504-84B3-43B2-9558-4922D5A87E3E}.Debug|x86.Build.0 = Debug|Any CPU
		{DB57F504-84B3-43B2-9558-4922D5A87E3E}.Release|Any CPU.ActiveCfg = Release|Any CPU
		{DB57F504-84B3-43B2-9558-4922D5A87E3E}.Release|Any CPU.Build.0 = Release|Any CPU
		{DB57F504-84B3-43B2-9558-4922D5A87E3E}.Release|ARM.ActiveCfg = Release|Any CPU
		{DB57F504-84B3-43B2-9558-4922D5A87E3E}.Release|ARM.Build.0 = Release|Any CPU
		{DB57F504-84B3-43B2-9558-4922D5A87E3E}.Release|iPhone.ActiveCfg = Release|Any CPU
		{DB57F504-84B3-43B2-9558-4922D5A87E3E}.Release|iPhone.Build.0 = Release|Any CPU
		{DB57F504-84B3-43B2-9558-4922D5A87E3E}.Release|iPhoneSimulator.ActiveCfg = Release|Any CPU
		{DB57F504-84B3-43B2-9558-4922D5A87E3E}.Release|iPhoneSimulator.Build.0 = Release|Any CPU
		{DB57F504-84B3-43B2-9558-4922D5A87E3E}.Release|x64.ActiveCfg = Release|Any CPU
		{DB57F504-84B3-43B2-9558-4922D5A87E3E}.Release|x64.Build.0 = Release|Any CPU
		{DB57F504-84B3-43B2-9558-4922D5A87E3E}.Release|x86.ActiveCfg = Release|Any CPU
		{DB57F504-84B3-43B2-9558-4922D5A87E3E}.Release|x86.Build.0 = Release|Any CPU
		{ABF076D9-DCAA-49C7-A6C2-C0F55478CC69}.Ad-Hoc|Any CPU.ActiveCfg = Release|Any CPU
		{ABF076D9-DCAA-49C7-A6C2-C0F55478CC69}.Ad-Hoc|Any CPU.Build.0 = Release|Any CPU
		{ABF076D9-DCAA-49C7-A6C2-C0F55478CC69}.Ad-Hoc|ARM.ActiveCfg = Release|ARM
		{ABF076D9-DCAA-49C7-A6C2-C0F55478CC69}.Ad-Hoc|ARM.Build.0 = Release|ARM
		{ABF076D9-DCAA-49C7-A6C2-C0F55478CC69}.Ad-Hoc|iPhone.ActiveCfg = Release|Any CPU
		{ABF076D9-DCAA-49C7-A6C2-C0F55478CC69}.Ad-Hoc|iPhone.Build.0 = Release|Any CPU
		{ABF076D9-DCAA-49C7-A6C2-C0F55478CC69}.Ad-Hoc|iPhoneSimulator.ActiveCfg = Release|Any CPU
		{ABF076D9-DCAA-49C7-A6C2-C0F55478CC69}.Ad-Hoc|iPhoneSimulator.Build.0 = Release|Any CPU
		{ABF076D9-DCAA-49C7-A6C2-C0F55478CC69}.Ad-Hoc|x64.ActiveCfg = Release|x64
		{ABF076D9-DCAA-49C7-A6C2-C0F55478CC69}.Ad-Hoc|x64.Build.0 = Release|x64
		{ABF076D9-DCAA-49C7-A6C2-C0F55478CC69}.Ad-Hoc|x86.ActiveCfg = Release|x86
		{ABF076D9-DCAA-49C7-A6C2-C0F55478CC69}.Ad-Hoc|x86.Build.0 = Release|x86
		{ABF076D9-DCAA-49C7-A6C2-C0F55478CC69}.AppStore|Any CPU.ActiveCfg = Release|Any CPU
		{ABF076D9-DCAA-49C7-A6C2-C0F55478CC69}.AppStore|Any CPU.Build.0 = Release|Any CPU
		{ABF076D9-DCAA-49C7-A6C2-C0F55478CC69}.AppStore|ARM.ActiveCfg = Release|ARM
		{ABF076D9-DCAA-49C7-A6C2-C0F55478CC69}.AppStore|ARM.Build.0 = Release|ARM
		{ABF076D9-DCAA-49C7-A6C2-C0F55478CC69}.AppStore|iPhone.ActiveCfg = Release|Any CPU
		{ABF076D9-DCAA-49C7-A6C2-C0F55478CC69}.AppStore|iPhone.Build.0 = Release|Any CPU
		{ABF076D9-DCAA-49C7-A6C2-C0F55478CC69}.AppStore|iPhoneSimulator.ActiveCfg = Release|Any CPU
		{ABF076D9-DCAA-49C7-A6C2-C0F55478CC69}.AppStore|iPhoneSimulator.Build.0 = Release|Any CPU
		{ABF076D9-DCAA-49C7-A6C2-C0F55478CC69}.AppStore|x64.ActiveCfg = Release|x64
		{ABF076D9-DCAA-49C7-A6C2-C0F55478CC69}.AppStore|x64.Build.0 = Release|x64
		{ABF076D9-DCAA-49C7-A6C2-C0F55478CC69}.AppStore|x86.ActiveCfg = Release|x86
		{ABF076D9-DCAA-49C7-A6C2-C0F55478CC69}.AppStore|x86.Build.0 = Release|x86
		{ABF076D9-DCAA-49C7-A6C2-C0F55478CC69}.Debug|Any CPU.ActiveCfg = Debug|Any CPU
		{ABF076D9-DCAA-49C7-A6C2-C0F55478CC69}.Debug|Any CPU.Build.0 = Debug|Any CPU
		{ABF076D9-DCAA-49C7-A6C2-C0F55478CC69}.Debug|ARM.ActiveCfg = Debug|ARM
		{ABF076D9-DCAA-49C7-A6C2-C0F55478CC69}.Debug|ARM.Build.0 = Debug|ARM
		{ABF076D9-DCAA-49C7-A6C2-C0F55478CC69}.Debug|iPhone.ActiveCfg = Debug|Any CPU
		{ABF076D9-DCAA-49C7-A6C2-C0F55478CC69}.Debug|iPhone.Build.0 = Debug|Any CPU
		{ABF076D9-DCAA-49C7-A6C2-C0F55478CC69}.Debug|iPhoneSimulator.ActiveCfg = Debug|Any CPU
		{ABF076D9-DCAA-49C7-A6C2-C0F55478CC69}.Debug|iPhoneSimulator.Build.0 = Debug|Any CPU
		{ABF076D9-DCAA-49C7-A6C2-C0F55478CC69}.Debug|x64.ActiveCfg = Debug|x64
		{ABF076D9-DCAA-49C7-A6C2-C0F55478CC69}.Debug|x64.Build.0 = Debug|x64
		{ABF076D9-DCAA-49C7-A6C2-C0F55478CC69}.Debug|x86.ActiveCfg = Debug|x86
		{ABF076D9-DCAA-49C7-A6C2-C0F55478CC69}.Debug|x86.Build.0 = Debug|x86
		{ABF076D9-DCAA-49C7-A6C2-C0F55478CC69}.Release|Any CPU.ActiveCfg = Release|Any CPU
		{ABF076D9-DCAA-49C7-A6C2-C0F55478CC69}.Release|Any CPU.Build.0 = Release|Any CPU
		{ABF076D9-DCAA-49C7-A6C2-C0F55478CC69}.Release|ARM.ActiveCfg = Release|ARM
		{ABF076D9-DCAA-49C7-A6C2-C0F55478CC69}.Release|ARM.Build.0 = Release|ARM
		{ABF076D9-DCAA-49C7-A6C2-C0F55478CC69}.Release|iPhone.ActiveCfg = Release|Any CPU
		{ABF076D9-DCAA-49C7-A6C2-C0F55478CC69}.Release|iPhone.Build.0 = Release|Any CPU
		{ABF076D9-DCAA-49C7-A6C2-C0F55478CC69}.Release|iPhoneSimulator.ActiveCfg = Release|Any CPU
		{ABF076D9-DCAA-49C7-A6C2-C0F55478CC69}.Release|iPhoneSimulator.Build.0 = Release|Any CPU
		{ABF076D9-DCAA-49C7-A6C2-C0F55478CC69}.Release|x64.ActiveCfg = Release|x64
		{ABF076D9-DCAA-49C7-A6C2-C0F55478CC69}.Release|x64.Build.0 = Release|x64
		{ABF076D9-DCAA-49C7-A6C2-C0F55478CC69}.Release|x86.ActiveCfg = Release|x86
		{ABF076D9-DCAA-49C7-A6C2-C0F55478CC69}.Release|x86.Build.0 = Release|x86
		{51CEFD3D-BB3B-426C-8C51-04FDE5D6BB7F}.Ad-Hoc|Any CPU.ActiveCfg = Release|Any CPU
		{51CEFD3D-BB3B-426C-8C51-04FDE5D6BB7F}.Ad-Hoc|Any CPU.Build.0 = Release|Any CPU
		{51CEFD3D-BB3B-426C-8C51-04FDE5D6BB7F}.Ad-Hoc|ARM.ActiveCfg = Release|ARM
		{51CEFD3D-BB3B-426C-8C51-04FDE5D6BB7F}.Ad-Hoc|ARM.Build.0 = Release|ARM
		{51CEFD3D-BB3B-426C-8C51-04FDE5D6BB7F}.Ad-Hoc|iPhone.ActiveCfg = Release|Any CPU
		{51CEFD3D-BB3B-426C-8C51-04FDE5D6BB7F}.Ad-Hoc|iPhone.Build.0 = Release|Any CPU
		{51CEFD3D-BB3B-426C-8C51-04FDE5D6BB7F}.Ad-Hoc|iPhoneSimulator.ActiveCfg = Release|Any CPU
		{51CEFD3D-BB3B-426C-8C51-04FDE5D6BB7F}.Ad-Hoc|iPhoneSimulator.Build.0 = Release|Any CPU
		{51CEFD3D-BB3B-426C-8C51-04FDE5D6BB7F}.Ad-Hoc|x64.ActiveCfg = Release|x64
		{51CEFD3D-BB3B-426C-8C51-04FDE5D6BB7F}.Ad-Hoc|x64.Build.0 = Release|x64
		{51CEFD3D-BB3B-426C-8C51-04FDE5D6BB7F}.Ad-Hoc|x86.ActiveCfg = Release|x86
		{51CEFD3D-BB3B-426C-8C51-04FDE5D6BB7F}.Ad-Hoc|x86.Build.0 = Release|x86
		{51CEFD3D-BB3B-426C-8C51-04FDE5D6BB7F}.AppStore|Any CPU.ActiveCfg = Release|Any CPU
		{51CEFD3D-BB3B-426C-8C51-04FDE5D6BB7F}.AppStore|Any CPU.Build.0 = Release|Any CPU
		{51CEFD3D-BB3B-426C-8C51-04FDE5D6BB7F}.AppStore|ARM.ActiveCfg = Release|ARM
		{51CEFD3D-BB3B-426C-8C51-04FDE5D6BB7F}.AppStore|ARM.Build.0 = Release|ARM
		{51CEFD3D-BB3B-426C-8C51-04FDE5D6BB7F}.AppStore|iPhone.ActiveCfg = Release|Any CPU
		{51CEFD3D-BB3B-426C-8C51-04FDE5D6BB7F}.AppStore|iPhone.Build.0 = Release|Any CPU
		{51CEFD3D-BB3B-426C-8C51-04FDE5D6BB7F}.AppStore|iPhoneSimulator.ActiveCfg = Release|Any CPU
		{51CEFD3D-BB3B-426C-8C51-04FDE5D6BB7F}.AppStore|iPhoneSimulator.Build.0 = Release|Any CPU
		{51CEFD3D-BB3B-426C-8C51-04FDE5D6BB7F}.AppStore|x64.ActiveCfg = Release|x64
		{51CEFD3D-BB3B-426C-8C51-04FDE5D6BB7F}.AppStore|x64.Build.0 = Release|x64
		{51CEFD3D-BB3B-426C-8C51-04FDE5D6BB7F}.AppStore|x86.ActiveCfg = Release|x86
		{51CEFD3D-BB3B-426C-8C51-04FDE5D6BB7F}.AppStore|x86.Build.0 = Release|x86
		{51CEFD3D-BB3B-426C-8C51-04FDE5D6BB7F}.Debug|Any CPU.ActiveCfg = Debug|Any CPU
		{51CEFD3D-BB3B-426C-8C51-04FDE5D6BB7F}.Debug|Any CPU.Build.0 = Debug|Any CPU
		{51CEFD3D-BB3B-426C-8C51-04FDE5D6BB7F}.Debug|ARM.ActiveCfg = Debug|ARM
		{51CEFD3D-BB3B-426C-8C51-04FDE5D6BB7F}.Debug|ARM.Build.0 = Debug|ARM
		{51CEFD3D-BB3B-426C-8C51-04FDE5D6BB7F}.Debug|iPhone.ActiveCfg = Debug|Any CPU
		{51CEFD3D-BB3B-426C-8C51-04FDE5D6BB7F}.Debug|iPhone.Build.0 = Debug|Any CPU
		{51CEFD3D-BB3B-426C-8C51-04FDE5D6BB7F}.Debug|iPhoneSimulator.ActiveCfg = Debug|Any CPU
		{51CEFD3D-BB3B-426C-8C51-04FDE5D6BB7F}.Debug|iPhoneSimulator.Build.0 = Debug|Any CPU
		{51CEFD3D-BB3B-426C-8C51-04FDE5D6BB7F}.Debug|x64.ActiveCfg = Debug|x64
		{51CEFD3D-BB3B-426C-8C51-04FDE5D6BB7F}.Debug|x64.Build.0 = Debug|x64
		{51CEFD3D-BB3B-426C-8C51-04FDE5D6BB7F}.Debug|x86.ActiveCfg = Debug|x86
		{51CEFD3D-BB3B-426C-8C51-04FDE5D6BB7F}.Debug|x86.Build.0 = Debug|x86
		{51CEFD3D-BB3B-426C-8C51-04FDE5D6BB7F}.Release|Any CPU.ActiveCfg = Release|Any CPU
		{51CEFD3D-BB3B-426C-8C51-04FDE5D6BB7F}.Release|Any CPU.Build.0 = Release|Any CPU
		{51CEFD3D-BB3B-426C-8C51-04FDE5D6BB7F}.Release|ARM.ActiveCfg = Release|ARM
		{51CEFD3D-BB3B-426C-8C51-04FDE5D6BB7F}.Release|ARM.Build.0 = Release|ARM
		{51CEFD3D-BB3B-426C-8C51-04FDE5D6BB7F}.Release|iPhone.ActiveCfg = Release|Any CPU
		{51CEFD3D-BB3B-426C-8C51-04FDE5D6BB7F}.Release|iPhone.Build.0 = Release|Any CPU
		{51CEFD3D-BB3B-426C-8C51-04FDE5D6BB7F}.Release|iPhoneSimulator.ActiveCfg = Release|Any CPU
		{51CEFD3D-BB3B-426C-8C51-04FDE5D6BB7F}.Release|iPhoneSimulator.Build.0 = Release|Any CPU
		{51CEFD3D-BB3B-426C-8C51-04FDE5D6BB7F}.Release|x64.ActiveCfg = Release|x64
		{51CEFD3D-BB3B-426C-8C51-04FDE5D6BB7F}.Release|x64.Build.0 = Release|x64
		{51CEFD3D-BB3B-426C-8C51-04FDE5D6BB7F}.Release|x86.ActiveCfg = Release|x86
		{51CEFD3D-BB3B-426C-8C51-04FDE5D6BB7F}.Release|x86.Build.0 = Release|x86
		{29B275DB-0946-4434-89DB-96A61670B823}.Ad-Hoc|Any CPU.ActiveCfg = Release|x64
		{29B275DB-0946-4434-89DB-96A61670B823}.Ad-Hoc|Any CPU.Build.0 = Release|x64
		{29B275DB-0946-4434-89DB-96A61670B823}.Ad-Hoc|Any CPU.Deploy.0 = Release|x64
		{29B275DB-0946-4434-89DB-96A61670B823}.Ad-Hoc|ARM.ActiveCfg = Release|ARM
		{29B275DB-0946-4434-89DB-96A61670B823}.Ad-Hoc|ARM.Build.0 = Release|ARM
		{29B275DB-0946-4434-89DB-96A61670B823}.Ad-Hoc|ARM.Deploy.0 = Release|ARM
		{29B275DB-0946-4434-89DB-96A61670B823}.Ad-Hoc|iPhone.ActiveCfg = Release|x64
		{29B275DB-0946-4434-89DB-96A61670B823}.Ad-Hoc|iPhone.Build.0 = Release|x64
		{29B275DB-0946-4434-89DB-96A61670B823}.Ad-Hoc|iPhone.Deploy.0 = Release|x64
		{29B275DB-0946-4434-89DB-96A61670B823}.Ad-Hoc|iPhoneSimulator.ActiveCfg = Release|x64
		{29B275DB-0946-4434-89DB-96A61670B823}.Ad-Hoc|iPhoneSimulator.Build.0 = Release|x64
		{29B275DB-0946-4434-89DB-96A61670B823}.Ad-Hoc|iPhoneSimulator.Deploy.0 = Release|x64
		{29B275DB-0946-4434-89DB-96A61670B823}.Ad-Hoc|x64.ActiveCfg = Release|x64
		{29B275DB-0946-4434-89DB-96A61670B823}.Ad-Hoc|x64.Build.0 = Release|x64
		{29B275DB-0946-4434-89DB-96A61670B823}.Ad-Hoc|x64.Deploy.0 = Release|x64
		{29B275DB-0946-4434-89DB-96A61670B823}.Ad-Hoc|x86.ActiveCfg = Release|x86
		{29B275DB-0946-4434-89DB-96A61670B823}.Ad-Hoc|x86.Build.0 = Release|x86
		{29B275DB-0946-4434-89DB-96A61670B823}.Ad-Hoc|x86.Deploy.0 = Release|x86
		{29B275DB-0946-4434-89DB-96A61670B823}.AppStore|Any CPU.ActiveCfg = Release|x64
		{29B275DB-0946-4434-89DB-96A61670B823}.AppStore|Any CPU.Build.0 = Release|x64
		{29B275DB-0946-4434-89DB-96A61670B823}.AppStore|Any CPU.Deploy.0 = Release|x64
		{29B275DB-0946-4434-89DB-96A61670B823}.AppStore|ARM.ActiveCfg = Release|ARM
		{29B275DB-0946-4434-89DB-96A61670B823}.AppStore|ARM.Build.0 = Release|ARM
		{29B275DB-0946-4434-89DB-96A61670B823}.AppStore|ARM.Deploy.0 = Release|ARM
		{29B275DB-0946-4434-89DB-96A61670B823}.AppStore|iPhone.ActiveCfg = Release|x64
		{29B275DB-0946-4434-89DB-96A61670B823}.AppStore|iPhone.Build.0 = Release|x64
		{29B275DB-0946-4434-89DB-96A61670B823}.AppStore|iPhone.Deploy.0 = Release|x64
		{29B275DB-0946-4434-89DB-96A61670B823}.AppStore|iPhoneSimulator.ActiveCfg = Release|x64
		{29B275DB-0946-4434-89DB-96A61670B823}.AppStore|iPhoneSimulator.Build.0 = Release|x64
		{29B275DB-0946-4434-89DB-96A61670B823}.AppStore|iPhoneSimulator.Deploy.0 = Release|x64
		{29B275DB-0946-4434-89DB-96A61670B823}.AppStore|x64.ActiveCfg = Release|x64
		{29B275DB-0946-4434-89DB-96A61670B823}.AppStore|x64.Build.0 = Release|x64
		{29B275DB-0946-4434-89DB-96A61670B823}.AppStore|x64.Deploy.0 = Release|x64
		{29B275DB-0946-4434-89DB-96A61670B823}.AppStore|x86.ActiveCfg = Release|x86
		{29B275DB-0946-4434-89DB-96A61670B823}.AppStore|x86.Build.0 = Release|x86
		{29B275DB-0946-4434-89DB-96A61670B823}.AppStore|x86.Deploy.0 = Release|x86
		{29B275DB-0946-4434-89DB-96A61670B823}.Debug|Any CPU.ActiveCfg = Debug|x86
		{29B275DB-0946-4434-89DB-96A61670B823}.Debug|ARM.ActiveCfg = Debug|ARM
		{29B275DB-0946-4434-89DB-96A61670B823}.Debug|ARM.Build.0 = Debug|ARM
		{29B275DB-0946-4434-89DB-96A61670B823}.Debug|ARM.Deploy.0 = Debug|ARM
		{29B275DB-0946-4434-89DB-96A61670B823}.Debug|iPhone.ActiveCfg = Debug|x86
		{29B275DB-0946-4434-89DB-96A61670B823}.Debug|iPhoneSimulator.ActiveCfg = Debug|x86
		{29B275DB-0946-4434-89DB-96A61670B823}.Debug|x64.ActiveCfg = Debug|x64
		{29B275DB-0946-4434-89DB-96A61670B823}.Debug|x64.Build.0 = Debug|x64
		{29B275DB-0946-4434-89DB-96A61670B823}.Debug|x64.Deploy.0 = Debug|x64
		{29B275DB-0946-4434-89DB-96A61670B823}.Debug|x86.ActiveCfg = Debug|x86
		{29B275DB-0946-4434-89DB-96A61670B823}.Debug|x86.Build.0 = Debug|x86
		{29B275DB-0946-4434-89DB-96A61670B823}.Debug|x86.Deploy.0 = Debug|x86
		{29B275DB-0946-4434-89DB-96A61670B823}.Release|Any CPU.ActiveCfg = Release|x86
		{29B275DB-0946-4434-89DB-96A61670B823}.Release|ARM.ActiveCfg = Release|ARM
		{29B275DB-0946-4434-89DB-96A61670B823}.Release|ARM.Build.0 = Release|ARM
		{29B275DB-0946-4434-89DB-96A61670B823}.Release|ARM.Deploy.0 = Release|ARM
		{29B275DB-0946-4434-89DB-96A61670B823}.Release|iPhone.ActiveCfg = Release|x86
		{29B275DB-0946-4434-89DB-96A61670B823}.Release|iPhoneSimulator.ActiveCfg = Release|x86
		{29B275DB-0946-4434-89DB-96A61670B823}.Release|x64.ActiveCfg = Release|x64
		{29B275DB-0946-4434-89DB-96A61670B823}.Release|x64.Build.0 = Release|x64
		{29B275DB-0946-4434-89DB-96A61670B823}.Release|x64.Deploy.0 = Release|x64
		{29B275DB-0946-4434-89DB-96A61670B823}.Release|x86.ActiveCfg = Release|x86
		{29B275DB-0946-4434-89DB-96A61670B823}.Release|x86.Build.0 = Release|x86
		{29B275DB-0946-4434-89DB-96A61670B823}.Release|x86.Deploy.0 = Release|x86
		{B74006F9-BEE4-45BF-B72A-1E9DD45D410A}.Ad-Hoc|Any CPU.ActiveCfg = Release|Any CPU
		{B74006F9-BEE4-45BF-B72A-1E9DD45D410A}.Ad-Hoc|Any CPU.Build.0 = Release|Any CPU
		{B74006F9-BEE4-45BF-B72A-1E9DD45D410A}.Ad-Hoc|Any CPU.Deploy.0 = Release|Any CPU
		{B74006F9-BEE4-45BF-B72A-1E9DD45D410A}.Ad-Hoc|ARM.ActiveCfg = Release|Any CPU
		{B74006F9-BEE4-45BF-B72A-1E9DD45D410A}.Ad-Hoc|ARM.Build.0 = Release|Any CPU
		{B74006F9-BEE4-45BF-B72A-1E9DD45D410A}.Ad-Hoc|ARM.Deploy.0 = Release|Any CPU
		{B74006F9-BEE4-45BF-B72A-1E9DD45D410A}.Ad-Hoc|iPhone.ActiveCfg = Release|Any CPU
		{B74006F9-BEE4-45BF-B72A-1E9DD45D410A}.Ad-Hoc|iPhone.Build.0 = Release|Any CPU
		{B74006F9-BEE4-45BF-B72A-1E9DD45D410A}.Ad-Hoc|iPhone.Deploy.0 = Release|Any CPU
		{B74006F9-BEE4-45BF-B72A-1E9DD45D410A}.Ad-Hoc|iPhoneSimulator.ActiveCfg = Release|Any CPU
		{B74006F9-BEE4-45BF-B72A-1E9DD45D410A}.Ad-Hoc|iPhoneSimulator.Build.0 = Release|Any CPU
		{B74006F9-BEE4-45BF-B72A-1E9DD45D410A}.Ad-Hoc|iPhoneSimulator.Deploy.0 = Release|Any CPU
		{B74006F9-BEE4-45BF-B72A-1E9DD45D410A}.Ad-Hoc|x64.ActiveCfg = Release|Any CPU
		{B74006F9-BEE4-45BF-B72A-1E9DD45D410A}.Ad-Hoc|x64.Build.0 = Release|Any CPU
		{B74006F9-BEE4-45BF-B72A-1E9DD45D410A}.Ad-Hoc|x64.Deploy.0 = Release|Any CPU
		{B74006F9-BEE4-45BF-B72A-1E9DD45D410A}.Ad-Hoc|x86.ActiveCfg = Release|Any CPU
		{B74006F9-BEE4-45BF-B72A-1E9DD45D410A}.Ad-Hoc|x86.Build.0 = Release|Any CPU
		{B74006F9-BEE4-45BF-B72A-1E9DD45D410A}.Ad-Hoc|x86.Deploy.0 = Release|Any CPU
		{B74006F9-BEE4-45BF-B72A-1E9DD45D410A}.AppStore|Any CPU.ActiveCfg = Release|Any CPU
		{B74006F9-BEE4-45BF-B72A-1E9DD45D410A}.AppStore|Any CPU.Build.0 = Release|Any CPU
		{B74006F9-BEE4-45BF-B72A-1E9DD45D410A}.AppStore|Any CPU.Deploy.0 = Release|Any CPU
		{B74006F9-BEE4-45BF-B72A-1E9DD45D410A}.AppStore|ARM.ActiveCfg = Release|Any CPU
		{B74006F9-BEE4-45BF-B72A-1E9DD45D410A}.AppStore|ARM.Build.0 = Release|Any CPU
		{B74006F9-BEE4-45BF-B72A-1E9DD45D410A}.AppStore|ARM.Deploy.0 = Release|Any CPU
		{B74006F9-BEE4-45BF-B72A-1E9DD45D410A}.AppStore|iPhone.ActiveCfg = Release|Any CPU
		{B74006F9-BEE4-45BF-B72A-1E9DD45D410A}.AppStore|iPhone.Build.0 = Release|Any CPU
		{B74006F9-BEE4-45BF-B72A-1E9DD45D410A}.AppStore|iPhone.Deploy.0 = Release|Any CPU
		{B74006F9-BEE4-45BF-B72A-1E9DD45D410A}.AppStore|iPhoneSimulator.ActiveCfg = Release|Any CPU
		{B74006F9-BEE4-45BF-B72A-1E9DD45D410A}.AppStore|iPhoneSimulator.Build.0 = Release|Any CPU
		{B74006F9-BEE4-45BF-B72A-1E9DD45D410A}.AppStore|iPhoneSimulator.Deploy.0 = Release|Any CPU
		{B74006F9-BEE4-45BF-B72A-1E9DD45D410A}.AppStore|x64.ActiveCfg = Release|Any CPU
		{B74006F9-BEE4-45BF-B72A-1E9DD45D410A}.AppStore|x64.Build.0 = Release|Any CPU
		{B74006F9-BEE4-45BF-B72A-1E9DD45D410A}.AppStore|x64.Deploy.0 = Release|Any CPU
		{B74006F9-BEE4-45BF-B72A-1E9DD45D410A}.AppStore|x86.ActiveCfg = Release|Any CPU
		{B74006F9-BEE4-45BF-B72A-1E9DD45D410A}.AppStore|x86.Build.0 = Release|Any CPU
		{B74006F9-BEE4-45BF-B72A-1E9DD45D410A}.AppStore|x86.Deploy.0 = Release|Any CPU
		{B74006F9-BEE4-45BF-B72A-1E9DD45D410A}.Debug|Any CPU.ActiveCfg = Debug|Any CPU
		{B74006F9-BEE4-45BF-B72A-1E9DD45D410A}.Debug|Any CPU.Build.0 = Debug|Any CPU
		{B74006F9-BEE4-45BF-B72A-1E9DD45D410A}.Debug|Any CPU.Deploy.0 = Debug|Any CPU
		{B74006F9-BEE4-45BF-B72A-1E9DD45D410A}.Debug|ARM.ActiveCfg = Debug|Any CPU
		{B74006F9-BEE4-45BF-B72A-1E9DD45D410A}.Debug|ARM.Build.0 = Debug|Any CPU
		{B74006F9-BEE4-45BF-B72A-1E9DD45D410A}.Debug|ARM.Deploy.0 = Debug|Any CPU
		{B74006F9-BEE4-45BF-B72A-1E9DD45D410A}.Debug|iPhone.ActiveCfg = Debug|Any CPU
		{B74006F9-BEE4-45BF-B72A-1E9DD45D410A}.Debug|iPhone.Build.0 = Debug|Any CPU
		{B74006F9-BEE4-45BF-B72A-1E9DD45D410A}.Debug|iPhone.Deploy.0 = Debug|Any CPU
		{B74006F9-BEE4-45BF-B72A-1E9DD45D410A}.Debug|iPhoneSimulator.ActiveCfg = Debug|Any CPU
		{B74006F9-BEE4-45BF-B72A-1E9DD45D410A}.Debug|iPhoneSimulator.Build.0 = Debug|Any CPU
		{B74006F9-BEE4-45BF-B72A-1E9DD45D410A}.Debug|iPhoneSimulator.Deploy.0 = Debug|Any CPU
		{B74006F9-BEE4-45BF-B72A-1E9DD45D410A}.Debug|x64.ActiveCfg = Debug|Any CPU
		{B74006F9-BEE4-45BF-B72A-1E9DD45D410A}.Debug|x64.Build.0 = Debug|Any CPU
		{B74006F9-BEE4-45BF-B72A-1E9DD45D410A}.Debug|x64.Deploy.0 = Debug|Any CPU
		{B74006F9-BEE4-45BF-B72A-1E9DD45D410A}.Debug|x86.ActiveCfg = Debug|Any CPU
		{B74006F9-BEE4-45BF-B72A-1E9DD45D410A}.Debug|x86.Build.0 = Debug|Any CPU
		{B74006F9-BEE4-45BF-B72A-1E9DD45D410A}.Debug|x86.Deploy.0 = Debug|Any CPU
		{B74006F9-BEE4-45BF-B72A-1E9DD45D410A}.Release|Any CPU.ActiveCfg = Release|Any CPU
		{B74006F9-BEE4-45BF-B72A-1E9DD45D410A}.Release|Any CPU.Build.0 = Release|Any CPU
		{B74006F9-BEE4-45BF-B72A-1E9DD45D410A}.Release|Any CPU.Deploy.0 = Release|Any CPU
		{B74006F9-BEE4-45BF-B72A-1E9DD45D410A}.Release|ARM.ActiveCfg = Release|Any CPU
		{B74006F9-BEE4-45BF-B72A-1E9DD45D410A}.Release|ARM.Build.0 = Release|Any CPU
		{B74006F9-BEE4-45BF-B72A-1E9DD45D410A}.Release|ARM.Deploy.0 = Release|Any CPU
		{B74006F9-BEE4-45BF-B72A-1E9DD45D410A}.Release|iPhone.ActiveCfg = Release|Any CPU
		{B74006F9-BEE4-45BF-B72A-1E9DD45D410A}.Release|iPhone.Build.0 = Release|Any CPU
		{B74006F9-BEE4-45BF-B72A-1E9DD45D410A}.Release|iPhone.Deploy.0 = Release|Any CPU
		{B74006F9-BEE4-45BF-B72A-1E9DD45D410A}.Release|iPhoneSimulator.ActiveCfg = Release|Any CPU
		{B74006F9-BEE4-45BF-B72A-1E9DD45D410A}.Release|iPhoneSimulator.Build.0 = Release|Any CPU
		{B74006F9-BEE4-45BF-B72A-1E9DD45D410A}.Release|iPhoneSimulator.Deploy.0 = Release|Any CPU
		{B74006F9-BEE4-45BF-B72A-1E9DD45D410A}.Release|x64.ActiveCfg = Release|Any CPU
		{B74006F9-BEE4-45BF-B72A-1E9DD45D410A}.Release|x64.Build.0 = Release|Any CPU
		{B74006F9-BEE4-45BF-B72A-1E9DD45D410A}.Release|x64.Deploy.0 = Release|Any CPU
		{B74006F9-BEE4-45BF-B72A-1E9DD45D410A}.Release|x86.ActiveCfg = Release|Any CPU
		{B74006F9-BEE4-45BF-B72A-1E9DD45D410A}.Release|x86.Build.0 = Release|Any CPU
		{B74006F9-BEE4-45BF-B72A-1E9DD45D410A}.Release|x86.Deploy.0 = Release|Any CPU
		{B0C675BB-763D-4B50-9979-01CBCFB790F6}.Ad-Hoc|Any CPU.ActiveCfg = Release|Any CPU
		{B0C675BB-763D-4B50-9979-01CBCFB790F6}.Ad-Hoc|Any CPU.Build.0 = Release|Any CPU
		{B0C675BB-763D-4B50-9979-01CBCFB790F6}.Ad-Hoc|ARM.ActiveCfg = Release|Any CPU
		{B0C675BB-763D-4B50-9979-01CBCFB790F6}.Ad-Hoc|ARM.Build.0 = Release|Any CPU
		{B0C675BB-763D-4B50-9979-01CBCFB790F6}.Ad-Hoc|iPhone.ActiveCfg = Release|Any CPU
		{B0C675BB-763D-4B50-9979-01CBCFB790F6}.Ad-Hoc|iPhone.Build.0 = Release|Any CPU
		{B0C675BB-763D-4B50-9979-01CBCFB790F6}.Ad-Hoc|iPhoneSimulator.ActiveCfg = Release|Any CPU
		{B0C675BB-763D-4B50-9979-01CBCFB790F6}.Ad-Hoc|iPhoneSimulator.Build.0 = Release|Any CPU
		{B0C675BB-763D-4B50-9979-01CBCFB790F6}.Ad-Hoc|x64.ActiveCfg = Release|Any CPU
		{B0C675BB-763D-4B50-9979-01CBCFB790F6}.Ad-Hoc|x64.Build.0 = Release|Any CPU
		{B0C675BB-763D-4B50-9979-01CBCFB790F6}.Ad-Hoc|x86.ActiveCfg = Release|Any CPU
		{B0C675BB-763D-4B50-9979-01CBCFB790F6}.Ad-Hoc|x86.Build.0 = Release|Any CPU
		{B0C675BB-763D-4B50-9979-01CBCFB790F6}.AppStore|Any CPU.ActiveCfg = Release|Any CPU
		{B0C675BB-763D-4B50-9979-01CBCFB790F6}.AppStore|Any CPU.Build.0 = Release|Any CPU
		{B0C675BB-763D-4B50-9979-01CBCFB790F6}.AppStore|ARM.ActiveCfg = Release|Any CPU
		{B0C675BB-763D-4B50-9979-01CBCFB790F6}.AppStore|ARM.Build.0 = Release|Any CPU
		{B0C675BB-763D-4B50-9979-01CBCFB790F6}.AppStore|iPhone.ActiveCfg = Release|Any CPU
		{B0C675BB-763D-4B50-9979-01CBCFB790F6}.AppStore|iPhone.Build.0 = Release|Any CPU
		{B0C675BB-763D-4B50-9979-01CBCFB790F6}.AppStore|iPhoneSimulator.ActiveCfg = Release|Any CPU
		{B0C675BB-763D-4B50-9979-01CBCFB790F6}.AppStore|iPhoneSimulator.Build.0 = Release|Any CPU
		{B0C675BB-763D-4B50-9979-01CBCFB790F6}.AppStore|x64.ActiveCfg = Release|Any CPU
		{B0C675BB-763D-4B50-9979-01CBCFB790F6}.AppStore|x64.Build.0 = Release|Any CPU
		{B0C675BB-763D-4B50-9979-01CBCFB790F6}.AppStore|x86.ActiveCfg = Release|Any CPU
		{B0C675BB-763D-4B50-9979-01CBCFB790F6}.AppStore|x86.Build.0 = Release|Any CPU
		{B0C675BB-763D-4B50-9979-01CBCFB790F6}.Debug|Any CPU.ActiveCfg = Debug|Any CPU
		{B0C675BB-763D-4B50-9979-01CBCFB790F6}.Debug|Any CPU.Build.0 = Debug|Any CPU
		{B0C675BB-763D-4B50-9979-01CBCFB790F6}.Debug|ARM.ActiveCfg = Debug|Any CPU
		{B0C675BB-763D-4B50-9979-01CBCFB790F6}.Debug|ARM.Build.0 = Debug|Any CPU
		{B0C675BB-763D-4B50-9979-01CBCFB790F6}.Debug|iPhone.ActiveCfg = Debug|Any CPU
		{B0C675BB-763D-4B50-9979-01CBCFB790F6}.Debug|iPhone.Build.0 = Debug|Any CPU
		{B0C675BB-763D-4B50-9979-01CBCFB790F6}.Debug|iPhoneSimulator.ActiveCfg = Debug|Any CPU
		{B0C675BB-763D-4B50-9979-01CBCFB790F6}.Debug|iPhoneSimulator.Build.0 = Debug|Any CPU
		{B0C675BB-763D-4B50-9979-01CBCFB790F6}.Debug|x64.ActiveCfg = Debug|Any CPU
		{B0C675BB-763D-4B50-9979-01CBCFB790F6}.Debug|x64.Build.0 = Debug|Any CPU
		{B0C675BB-763D-4B50-9979-01CBCFB790F6}.Debug|x86.ActiveCfg = Debug|Any CPU
		{B0C675BB-763D-4B50-9979-01CBCFB790F6}.Debug|x86.Build.0 = Debug|Any CPU
		{B0C675BB-763D-4B50-9979-01CBCFB790F6}.Release|Any CPU.ActiveCfg = Release|Any CPU
		{B0C675BB-763D-4B50-9979-01CBCFB790F6}.Release|Any CPU.Build.0 = Release|Any CPU
		{B0C675BB-763D-4B50-9979-01CBCFB790F6}.Release|ARM.ActiveCfg = Release|Any CPU
		{B0C675BB-763D-4B50-9979-01CBCFB790F6}.Release|ARM.Build.0 = Release|Any CPU
		{B0C675BB-763D-4B50-9979-01CBCFB790F6}.Release|iPhone.ActiveCfg = Release|Any CPU
		{B0C675BB-763D-4B50-9979-01CBCFB790F6}.Release|iPhone.Build.0 = Release|Any CPU
		{B0C675BB-763D-4B50-9979-01CBCFB790F6}.Release|iPhoneSimulator.ActiveCfg = Release|Any CPU
		{B0C675BB-763D-4B50-9979-01CBCFB790F6}.Release|iPhoneSimulator.Build.0 = Release|Any CPU
		{B0C675BB-763D-4B50-9979-01CBCFB790F6}.Release|x64.ActiveCfg = Release|Any CPU
		{B0C675BB-763D-4B50-9979-01CBCFB790F6}.Release|x64.Build.0 = Release|Any CPU
		{B0C675BB-763D-4B50-9979-01CBCFB790F6}.Release|x86.ActiveCfg = Release|Any CPU
		{B0C675BB-763D-4B50-9979-01CBCFB790F6}.Release|x86.Build.0 = Release|Any CPU
		{0214FC01-40C3-41E6-BFCF-36DA9FBD51AD}.Ad-Hoc|Any CPU.ActiveCfg = Release|Any CPU
		{0214FC01-40C3-41E6-BFCF-36DA9FBD51AD}.Ad-Hoc|Any CPU.Build.0 = Release|Any CPU
		{0214FC01-40C3-41E6-BFCF-36DA9FBD51AD}.Ad-Hoc|ARM.ActiveCfg = Release|Any CPU
		{0214FC01-40C3-41E6-BFCF-36DA9FBD51AD}.Ad-Hoc|ARM.Build.0 = Release|Any CPU
		{0214FC01-40C3-41E6-BFCF-36DA9FBD51AD}.Ad-Hoc|iPhone.ActiveCfg = Release|Any CPU
		{0214FC01-40C3-41E6-BFCF-36DA9FBD51AD}.Ad-Hoc|iPhone.Build.0 = Release|Any CPU
		{0214FC01-40C3-41E6-BFCF-36DA9FBD51AD}.Ad-Hoc|iPhoneSimulator.ActiveCfg = Release|Any CPU
		{0214FC01-40C3-41E6-BFCF-36DA9FBD51AD}.Ad-Hoc|iPhoneSimulator.Build.0 = Release|Any CPU
		{0214FC01-40C3-41E6-BFCF-36DA9FBD51AD}.Ad-Hoc|x64.ActiveCfg = Release|Any CPU
		{0214FC01-40C3-41E6-BFCF-36DA9FBD51AD}.Ad-Hoc|x64.Build.0 = Release|Any CPU
		{0214FC01-40C3-41E6-BFCF-36DA9FBD51AD}.Ad-Hoc|x86.ActiveCfg = Release|Any CPU
		{0214FC01-40C3-41E6-BFCF-36DA9FBD51AD}.Ad-Hoc|x86.Build.0 = Release|Any CPU
		{0214FC01-40C3-41E6-BFCF-36DA9FBD51AD}.AppStore|Any CPU.ActiveCfg = Release|Any CPU
		{0214FC01-40C3-41E6-BFCF-36DA9FBD51AD}.AppStore|Any CPU.Build.0 = Release|Any CPU
		{0214FC01-40C3-41E6-BFCF-36DA9FBD51AD}.AppStore|ARM.ActiveCfg = Release|Any CPU
		{0214FC01-40C3-41E6-BFCF-36DA9FBD51AD}.AppStore|ARM.Build.0 = Release|Any CPU
		{0214FC01-40C3-41E6-BFCF-36DA9FBD51AD}.AppStore|iPhone.ActiveCfg = Release|Any CPU
		{0214FC01-40C3-41E6-BFCF-36DA9FBD51AD}.AppStore|iPhone.Build.0 = Release|Any CPU
		{0214FC01-40C3-41E6-BFCF-36DA9FBD51AD}.AppStore|iPhoneSimulator.ActiveCfg = Release|Any CPU
		{0214FC01-40C3-41E6-BFCF-36DA9FBD51AD}.AppStore|iPhoneSimulator.Build.0 = Release|Any CPU
		{0214FC01-40C3-41E6-BFCF-36DA9FBD51AD}.AppStore|x64.ActiveCfg = Release|Any CPU
		{0214FC01-40C3-41E6-BFCF-36DA9FBD51AD}.AppStore|x64.Build.0 = Release|Any CPU
		{0214FC01-40C3-41E6-BFCF-36DA9FBD51AD}.AppStore|x86.ActiveCfg = Release|Any CPU
		{0214FC01-40C3-41E6-BFCF-36DA9FBD51AD}.AppStore|x86.Build.0 = Release|Any CPU
		{0214FC01-40C3-41E6-BFCF-36DA9FBD51AD}.Debug|Any CPU.ActiveCfg = Debug|Any CPU
		{0214FC01-40C3-41E6-BFCF-36DA9FBD51AD}.Debug|Any CPU.Build.0 = Debug|Any CPU
		{0214FC01-40C3-41E6-BFCF-36DA9FBD51AD}.Debug|ARM.ActiveCfg = Debug|Any CPU
		{0214FC01-40C3-41E6-BFCF-36DA9FBD51AD}.Debug|ARM.Build.0 = Debug|Any CPU
		{0214FC01-40C3-41E6-BFCF-36DA9FBD51AD}.Debug|iPhone.ActiveCfg = Debug|Any CPU
		{0214FC01-40C3-41E6-BFCF-36DA9FBD51AD}.Debug|iPhone.Build.0 = Debug|Any CPU
		{0214FC01-40C3-41E6-BFCF-36DA9FBD51AD}.Debug|iPhoneSimulator.ActiveCfg = Debug|Any CPU
		{0214FC01-40C3-41E6-BFCF-36DA9FBD51AD}.Debug|iPhoneSimulator.Build.0 = Debug|Any CPU
		{0214FC01-40C3-41E6-BFCF-36DA9FBD51AD}.Debug|x64.ActiveCfg = Debug|Any CPU
		{0214FC01-40C3-41E6-BFCF-36DA9FBD51AD}.Debug|x64.Build.0 = Debug|Any CPU
		{0214FC01-40C3-41E6-BFCF-36DA9FBD51AD}.Debug|x86.ActiveCfg = Debug|Any CPU
		{0214FC01-40C3-41E6-BFCF-36DA9FBD51AD}.Debug|x86.Build.0 = Debug|Any CPU
		{0214FC01-40C3-41E6-BFCF-36DA9FBD51AD}.Release|Any CPU.ActiveCfg = Release|Any CPU
		{0214FC01-40C3-41E6-BFCF-36DA9FBD51AD}.Release|Any CPU.Build.0 = Release|Any CPU
		{0214FC01-40C3-41E6-BFCF-36DA9FBD51AD}.Release|ARM.ActiveCfg = Release|Any CPU
		{0214FC01-40C3-41E6-BFCF-36DA9FBD51AD}.Release|ARM.Build.0 = Release|Any CPU
		{0214FC01-40C3-41E6-BFCF-36DA9FBD51AD}.Release|iPhone.ActiveCfg = Release|Any CPU
		{0214FC01-40C3-41E6-BFCF-36DA9FBD51AD}.Release|iPhone.Build.0 = Release|Any CPU
		{0214FC01-40C3-41E6-BFCF-36DA9FBD51AD}.Release|iPhoneSimulator.ActiveCfg = Release|Any CPU
		{0214FC01-40C3-41E6-BFCF-36DA9FBD51AD}.Release|iPhoneSimulator.Build.0 = Release|Any CPU
		{0214FC01-40C3-41E6-BFCF-36DA9FBD51AD}.Release|x64.ActiveCfg = Release|Any CPU
		{0214FC01-40C3-41E6-BFCF-36DA9FBD51AD}.Release|x64.Build.0 = Release|Any CPU
		{0214FC01-40C3-41E6-BFCF-36DA9FBD51AD}.Release|x86.ActiveCfg = Release|Any CPU
		{0214FC01-40C3-41E6-BFCF-36DA9FBD51AD}.Release|x86.Build.0 = Release|Any CPU
		{295FBE04-D793-4FD1-84F3-659D40336FCB}.Ad-Hoc|Any CPU.ActiveCfg = Ad-Hoc|iPhone
		{295FBE04-D793-4FD1-84F3-659D40336FCB}.Ad-Hoc|ARM.ActiveCfg = Ad-Hoc|iPhone
		{295FBE04-D793-4FD1-84F3-659D40336FCB}.Ad-Hoc|iPhone.ActiveCfg = Ad-Hoc|iPhone
		{295FBE04-D793-4FD1-84F3-659D40336FCB}.Ad-Hoc|iPhone.Build.0 = Ad-Hoc|iPhone
		{295FBE04-D793-4FD1-84F3-659D40336FCB}.Ad-Hoc|iPhoneSimulator.ActiveCfg = Ad-Hoc|iPhoneSimulator
		{295FBE04-D793-4FD1-84F3-659D40336FCB}.Ad-Hoc|iPhoneSimulator.Build.0 = Ad-Hoc|iPhoneSimulator
		{295FBE04-D793-4FD1-84F3-659D40336FCB}.Ad-Hoc|x64.ActiveCfg = Ad-Hoc|iPhone
		{295FBE04-D793-4FD1-84F3-659D40336FCB}.Ad-Hoc|x86.ActiveCfg = Ad-Hoc|iPhone
		{295FBE04-D793-4FD1-84F3-659D40336FCB}.AppStore|Any CPU.ActiveCfg = AppStore|iPhone
		{295FBE04-D793-4FD1-84F3-659D40336FCB}.AppStore|ARM.ActiveCfg = AppStore|iPhone
		{295FBE04-D793-4FD1-84F3-659D40336FCB}.AppStore|iPhone.ActiveCfg = AppStore|iPhone
		{295FBE04-D793-4FD1-84F3-659D40336FCB}.AppStore|iPhone.Build.0 = AppStore|iPhone
		{295FBE04-D793-4FD1-84F3-659D40336FCB}.AppStore|iPhoneSimulator.ActiveCfg = AppStore|iPhoneSimulator
		{295FBE04-D793-4FD1-84F3-659D40336FCB}.AppStore|iPhoneSimulator.Build.0 = AppStore|iPhoneSimulator
		{295FBE04-D793-4FD1-84F3-659D40336FCB}.AppStore|x64.ActiveCfg = AppStore|iPhone
		{295FBE04-D793-4FD1-84F3-659D40336FCB}.AppStore|x86.ActiveCfg = AppStore|iPhone
		{295FBE04-D793-4FD1-84F3-659D40336FCB}.Debug|Any CPU.ActiveCfg = Debug|iPhone
		{295FBE04-D793-4FD1-84F3-659D40336FCB}.Debug|ARM.ActiveCfg = Debug|iPhone
		{295FBE04-D793-4FD1-84F3-659D40336FCB}.Debug|iPhone.ActiveCfg = Debug|iPhone
		{295FBE04-D793-4FD1-84F3-659D40336FCB}.Debug|iPhone.Build.0 = Debug|iPhone
		{295FBE04-D793-4FD1-84F3-659D40336FCB}.Debug|iPhoneSimulator.ActiveCfg = Debug|iPhoneSimulator
		{295FBE04-D793-4FD1-84F3-659D40336FCB}.Debug|iPhoneSimulator.Build.0 = Debug|iPhoneSimulator
		{295FBE04-D793-4FD1-84F3-659D40336FCB}.Debug|x64.ActiveCfg = Debug|iPhone
		{295FBE04-D793-4FD1-84F3-659D40336FCB}.Debug|x86.ActiveCfg = Debug|iPhone
		{295FBE04-D793-4FD1-84F3-659D40336FCB}.Release|Any CPU.ActiveCfg = Release|iPhone
		{295FBE04-D793-4FD1-84F3-659D40336FCB}.Release|ARM.ActiveCfg = Release|iPhone
		{295FBE04-D793-4FD1-84F3-659D40336FCB}.Release|iPhone.ActiveCfg = Release|iPhone
		{295FBE04-D793-4FD1-84F3-659D40336FCB}.Release|iPhone.Build.0 = Release|iPhone
		{295FBE04-D793-4FD1-84F3-659D40336FCB}.Release|iPhoneSimulator.ActiveCfg = Release|iPhoneSimulator
		{295FBE04-D793-4FD1-84F3-659D40336FCB}.Release|iPhoneSimulator.Build.0 = Release|iPhoneSimulator
		{295FBE04-D793-4FD1-84F3-659D40336FCB}.Release|x64.ActiveCfg = Release|iPhone
		{295FBE04-D793-4FD1-84F3-659D40336FCB}.Release|x86.ActiveCfg = Release|iPhone
		{DB7A0BF7-9674-48BE-82B2-2A0444161798}.Ad-Hoc|Any CPU.ActiveCfg = Release|Any CPU
		{DB7A0BF7-9674-48BE-82B2-2A0444161798}.Ad-Hoc|Any CPU.Build.0 = Release|Any CPU
		{DB7A0BF7-9674-48BE-82B2-2A0444161798}.Ad-Hoc|ARM.ActiveCfg = Release|Any CPU
		{DB7A0BF7-9674-48BE-82B2-2A0444161798}.Ad-Hoc|ARM.Build.0 = Release|Any CPU
		{DB7A0BF7-9674-48BE-82B2-2A0444161798}.Ad-Hoc|iPhone.ActiveCfg = Release|Any CPU
		{DB7A0BF7-9674-48BE-82B2-2A0444161798}.Ad-Hoc|iPhone.Build.0 = Release|Any CPU
		{DB7A0BF7-9674-48BE-82B2-2A0444161798}.Ad-Hoc|iPhoneSimulator.ActiveCfg = Release|Any CPU
		{DB7A0BF7-9674-48BE-82B2-2A0444161798}.Ad-Hoc|iPhoneSimulator.Build.0 = Release|Any CPU
		{DB7A0BF7-9674-48BE-82B2-2A0444161798}.Ad-Hoc|x64.ActiveCfg = Release|Any CPU
		{DB7A0BF7-9674-48BE-82B2-2A0444161798}.Ad-Hoc|x64.Build.0 = Release|Any CPU
		{DB7A0BF7-9674-48BE-82B2-2A0444161798}.Ad-Hoc|x86.ActiveCfg = Release|Any CPU
		{DB7A0BF7-9674-48BE-82B2-2A0444161798}.Ad-Hoc|x86.Build.0 = Release|Any CPU
		{DB7A0BF7-9674-48BE-82B2-2A0444161798}.AppStore|Any CPU.ActiveCfg = Release|Any CPU
		{DB7A0BF7-9674-48BE-82B2-2A0444161798}.AppStore|Any CPU.Build.0 = Release|Any CPU
		{DB7A0BF7-9674-48BE-82B2-2A0444161798}.AppStore|ARM.ActiveCfg = Release|Any CPU
		{DB7A0BF7-9674-48BE-82B2-2A0444161798}.AppStore|ARM.Build.0 = Release|Any CPU
		{DB7A0BF7-9674-48BE-82B2-2A0444161798}.AppStore|iPhone.ActiveCfg = Release|Any CPU
		{DB7A0BF7-9674-48BE-82B2-2A0444161798}.AppStore|iPhone.Build.0 = Release|Any CPU
		{DB7A0BF7-9674-48BE-82B2-2A0444161798}.AppStore|iPhoneSimulator.ActiveCfg = Release|Any CPU
		{DB7A0BF7-9674-48BE-82B2-2A0444161798}.AppStore|iPhoneSimulator.Build.0 = Release|Any CPU
		{DB7A0BF7-9674-48BE-82B2-2A0444161798}.AppStore|x64.ActiveCfg = Release|Any CPU
		{DB7A0BF7-9674-48BE-82B2-2A0444161798}.AppStore|x64.Build.0 = Release|Any CPU
		{DB7A0BF7-9674-48BE-82B2-2A0444161798}.AppStore|x86.ActiveCfg = Release|Any CPU
		{DB7A0BF7-9674-48BE-82B2-2A0444161798}.AppStore|x86.Build.0 = Release|Any CPU
		{DB7A0BF7-9674-48BE-82B2-2A0444161798}.Debug|Any CPU.ActiveCfg = Debug|Any CPU
		{DB7A0BF7-9674-48BE-82B2-2A0444161798}.Debug|Any CPU.Build.0 = Debug|Any CPU
		{DB7A0BF7-9674-48BE-82B2-2A0444161798}.Debug|ARM.ActiveCfg = Debug|Any CPU
		{DB7A0BF7-9674-48BE-82B2-2A0444161798}.Debug|ARM.Build.0 = Debug|Any CPU
		{DB7A0BF7-9674-48BE-82B2-2A0444161798}.Debug|iPhone.ActiveCfg = Debug|Any CPU
		{DB7A0BF7-9674-48BE-82B2-2A0444161798}.Debug|iPhone.Build.0 = Debug|Any CPU
		{DB7A0BF7-9674-48BE-82B2-2A0444161798}.Debug|iPhoneSimulator.ActiveCfg = Debug|Any CPU
		{DB7A0BF7-9674-48BE-82B2-2A0444161798}.Debug|iPhoneSimulator.Build.0 = Debug|Any CPU
		{DB7A0BF7-9674-48BE-82B2-2A0444161798}.Debug|x64.ActiveCfg = Debug|Any CPU
		{DB7A0BF7-9674-48BE-82B2-2A0444161798}.Debug|x64.Build.0 = Debug|Any CPU
		{DB7A0BF7-9674-48BE-82B2-2A0444161798}.Debug|x86.ActiveCfg = Debug|Any CPU
		{DB7A0BF7-9674-48BE-82B2-2A0444161798}.Debug|x86.Build.0 = Debug|Any CPU
		{DB7A0BF7-9674-48BE-82B2-2A0444161798}.Release|Any CPU.ActiveCfg = Release|Any CPU
		{DB7A0BF7-9674-48BE-82B2-2A0444161798}.Release|Any CPU.Build.0 = Release|Any CPU
		{DB7A0BF7-9674-48BE-82B2-2A0444161798}.Release|ARM.ActiveCfg = Release|Any CPU
		{DB7A0BF7-9674-48BE-82B2-2A0444161798}.Release|ARM.Build.0 = Release|Any CPU
		{DB7A0BF7-9674-48BE-82B2-2A0444161798}.Release|iPhone.ActiveCfg = Release|Any CPU
		{DB7A0BF7-9674-48BE-82B2-2A0444161798}.Release|iPhone.Build.0 = Release|Any CPU
		{DB7A0BF7-9674-48BE-82B2-2A0444161798}.Release|iPhoneSimulator.ActiveCfg = Release|Any CPU
		{DB7A0BF7-9674-48BE-82B2-2A0444161798}.Release|iPhoneSimulator.Build.0 = Release|Any CPU
		{DB7A0BF7-9674-48BE-82B2-2A0444161798}.Release|x64.ActiveCfg = Release|Any CPU
		{DB7A0BF7-9674-48BE-82B2-2A0444161798}.Release|x64.Build.0 = Release|Any CPU
		{DB7A0BF7-9674-48BE-82B2-2A0444161798}.Release|x86.ActiveCfg = Release|Any CPU
		{DB7A0BF7-9674-48BE-82B2-2A0444161798}.Release|x86.Build.0 = Release|Any CPU
	EndGlobalSection
	GlobalSection(SolutionProperties) = preSolution
		HideSolutionNode = FALSE
	EndGlobalSection
	GlobalSection(NestedProjects) = preSolution
		{03946843-F343-419C-88EF-3E446D08DFA6} = {718A2129-5A87-4F47-9FED-63544E1E496B}
		{3FE594FE-16FF-4405-97D5-5A58FB12520B} = {FA2D40A7-AD63-42D5-B95D-AF5E10A9E124}
		{79D255F6-B001-425E-B3BF-CBF1E9A884B9} = {FA2D40A7-AD63-42D5-B95D-AF5E10A9E124}
		{6073E59E-589B-4DC1-8073-0B3E462E825A} = {FA2D40A7-AD63-42D5-B95D-AF5E10A9E124}
		{860604D7-63EA-4F57-815B-57DF4830F212} = {FA2D40A7-AD63-42D5-B95D-AF5E10A9E124}
		{770FE444-6CC3-44D0-950E-EAF6B7CF7382} = {FA2D40A7-AD63-42D5-B95D-AF5E10A9E124}
		{DE2428C7-5F47-4541-9727-B3AACB14DCD6} = {FA2D40A7-AD63-42D5-B95D-AF5E10A9E124}
		{D210B888-D588-4231-9DDB-CB01F57D35C5} = {FA2D40A7-AD63-42D5-B95D-AF5E10A9E124}
		{184306A0-CD59-46A7-AFE9-301335949328} = {718A2129-5A87-4F47-9FED-63544E1E496B}
		{51CEFD3D-BB3B-426C-8C51-04FDE5D6BB7F} = {718A2129-5A87-4F47-9FED-63544E1E496B}
		{29B275DB-0946-4434-89DB-96A61670B823} = {FA2D40A7-AD63-42D5-B95D-AF5E10A9E124}
		{0B9ABEBE-33AB-4066-ABB8-9F1E7584A125} = {FA2D40A7-AD63-42D5-B95D-AF5E10A9E124}
		{B74006F9-BEE4-45BF-B72A-1E9DD45D410A} = {FA2D40A7-AD63-42D5-B95D-AF5E10A9E124}
		{B0C675BB-763D-4B50-9979-01CBCFB790F6} = {718A2129-5A87-4F47-9FED-63544E1E496B}
		{0214FC01-40C3-41E6-BFCF-36DA9FBD51AD} = {718A2129-5A87-4F47-9FED-63544E1E496B}
		{295FBE04-D793-4FD1-84F3-659D40336FCB} = {FA2D40A7-AD63-42D5-B95D-AF5E10A9E124}
	EndGlobalSection
EndGlobal
